{
  "version": 4,
  "terraform_version": "1.5.7",
  "serial": 144,
  "lineage": "7c50624f-bc48-ad02-5d9a-5b6410d9070b",
  "outputs": {},
  "resources": [
    {
      "mode": "managed",
      "type": "google_artifact_registry_repository",
      "name": "my-repo",
      "provider": "provider[\"registry.terraform.io/hashicorp/google\"]",
      "instances": [
        {
          "schema_version": 0,
          "attributes": {
            "create_time": "2023-10-21T14:59:33.312958Z",
            "description": "example docker repository",
            "docker_config": [],
            "effective_labels": {},
            "format": "DOCKER",
            "id": "projects/nodejs-mongodb-webapplication/locations/us-east1/repositories/my-repository",
            "kms_key_name": "",
            "labels": {},
            "location": "us-east1",
            "maven_config": [],
            "mode": "STANDARD_REPOSITORY",
            "name": "my-repository",
            "project": "nodejs-mongodb-webapplication",
            "remote_repository_config": [],
            "repository_id": "my-repository",
            "terraform_labels": {},
            "timeouts": null,
            "update_time": "2023-10-21T14:59:33.312958Z",
            "virtual_repository_config": []
          },
          "sensitive_attributes": [],
          "private": "eyJlMmJmYjczMC1lY2FhLTExZTYtOGY4OC0zNDM2M2JjN2M0YzAiOnsiY3JlYXRlIjoxMjAwMDAwMDAwMDAwLCJkZWxldGUiOjEyMDAwMDAwMDAwMDAsInVwZGF0ZSI6MTIwMDAwMDAwMDAwMH19"
        }
      ]
    },
    {
      "mode": "managed",
      "type": "google_compute_firewall",
      "name": "allow-ssh",
      "provider": "provider[\"registry.terraform.io/hashicorp/google\"]",
      "instances": [
        {
          "schema_version": 1,
          "attributes": {
            "allow": [
              {
                "ports": [
                  "22"
                ],
                "protocol": "tcp"
              }
            ],
            "creation_timestamp": "2023-10-19T14:38:12.027-07:00",
            "deny": [],
            "description": "",
            "destination_ranges": [],
            "direction": "INGRESS",
            "disabled": false,
            "enable_logging": null,
            "id": "projects/nodejs-mongodb-webapplication/global/firewalls/allow-ssh",
            "log_config": [],
            "name": "allow-ssh",
            "network": "https://www.googleapis.com/compute/v1/projects/nodejs-mongodb-webapplication/global/networks/vpc-network",
            "priority": 1000,
            "project": "nodejs-mongodb-webapplication",
            "self_link": "https://www.googleapis.com/compute/v1/projects/nodejs-mongodb-webapplication/global/firewalls/allow-ssh",
            "source_ranges": [
              "35.235.240.0/20"
            ],
            "source_service_accounts": [],
            "source_tags": [],
            "target_service_accounts": [],
            "target_tags": [],
            "timeouts": null
          },
          "sensitive_attributes": [],
          "private": "eyJlMmJmYjczMC1lY2FhLTExZTYtOGY4OC0zNDM2M2JjN2M0YzAiOnsiY3JlYXRlIjoxMjAwMDAwMDAwMDAwLCJkZWxldGUiOjEyMDAwMDAwMDAwMDAsInVwZGF0ZSI6MTIwMDAwMDAwMDAwMH0sInNjaGVtYV92ZXJzaW9uIjoiMSJ9",
          "dependencies": [
            "google_compute_network.vpc-network",
            "google_project_service.compute"
          ]
        }
      ]
    },
    {
      "mode": "managed",
      "type": "google_compute_instance",
      "name": "private-vm",
      "provider": "provider[\"registry.terraform.io/hashicorp/google\"]",
      "instances": [
        {
          "schema_version": 6,
          "attributes": {
            "advanced_machine_features": [],
            "allow_stopping_for_update": null,
            "attached_disk": [],
            "boot_disk": [
              {
                "auto_delete": true,
                "device_name": "persistent-disk-0",
                "disk_encryption_key_raw": "",
                "disk_encryption_key_sha256": "",
                "initialize_params": [
                  {
                    "image": "https://www.googleapis.com/compute/v1/projects/debian-cloud/global/images/debian-11-bullseye-v20231010",
                    "labels": {
                      "my_label": "private-vm"
                    },
                    "resource_manager_tags": {},
                    "size": 10,
                    "type": "pd-standard"
                  }
                ],
                "kms_key_self_link": "",
                "mode": "READ_WRITE",
                "source": "https://www.googleapis.com/compute/v1/projects/nodejs-mongodb-webapplication/zones/us-central1-a/disks/my-private-vm"
              }
            ],
            "can_ip_forward": false,
            "confidential_instance_config": [],
            "cpu_platform": "Intel Broadwell",
            "current_status": "RUNNING",
            "deletion_protection": false,
            "description": "",
            "desired_status": null,
            "effective_labels": {},
            "enable_display": false,
            "guest_accelerator": [],
            "hostname": "",
            "id": "projects/nodejs-mongodb-webapplication/zones/us-central1-a/instances/my-private-vm",
            "instance_id": "372108328926191420",
            "label_fingerprint": "42WmSpB8rSM=",
            "labels": {},
            "machine_type": "e2-micro",
            "metadata": {},
            "metadata_fingerprint": "2DPUipfoPYI=",
            "metadata_startup_script": null,
            "min_cpu_platform": "",
            "name": "my-private-vm",
            "network_interface": [
              {
                "access_config": [],
                "alias_ip_range": [],
                "internal_ipv6_prefix_length": 0,
                "ipv6_access_config": [],
                "ipv6_access_type": "",
                "ipv6_address": "",
                "name": "nic0",
                "network": "https://www.googleapis.com/compute/v1/projects/nodejs-mongodb-webapplication/global/networks/vpc-network",
                "network_ip": "10.2.0.2",
                "nic_type": "",
                "queue_count": 0,
                "stack_type": "IPV4_ONLY",
                "subnetwork": "https://www.googleapis.com/compute/v1/projects/nodejs-mongodb-webapplication/regions/us-central1/subnetworks/private-subnet",
                "subnetwork_project": "nodejs-mongodb-webapplication"
              }
            ],
            "network_performance_config": [],
            "params": [],
            "project": "nodejs-mongodb-webapplication",
            "reservation_affinity": [],
            "resource_policies": [],
            "scheduling": [
              {
                "automatic_restart": true,
                "instance_termination_action": "",
                "local_ssd_recovery_timeout": [],
                "min_node_cpus": 0,
                "node_affinities": [],
                "on_host_maintenance": "MIGRATE",
                "preemptible": false,
                "provisioning_model": "STANDARD"
              }
            ],
            "scratch_disk": [],
            "self_link": "https://www.googleapis.com/compute/v1/projects/nodejs-mongodb-webapplication/zones/us-central1-a/instances/my-private-vm",
            "service_account": [
              {
                "email": "service-vm@nodejs-mongodb-webapplication.iam.gserviceaccount.com",
                "scopes": [
                  "https://www.googleapis.com/auth/cloud-platform"
                ]
              }
            ],
            "shielded_instance_config": [
              {
                "enable_integrity_monitoring": true,
                "enable_secure_boot": false,
                "enable_vtpm": true
              }
            ],
            "tags": [],
            "tags_fingerprint": "42WmSpB8rSM=",
            "terraform_labels": {},
            "timeouts": null,
            "zone": "us-central1-a"
          },
          "sensitive_attributes": [],
          "private": "eyJlMmJmYjczMC1lY2FhLTExZTYtOGY4OC0zNDM2M2JjN2M0YzAiOnsiY3JlYXRlIjoxMjAwMDAwMDAwMDAwLCJkZWxldGUiOjEyMDAwMDAwMDAwMDAsInVwZGF0ZSI6MTIwMDAwMDAwMDAwMH0sInNjaGVtYV92ZXJzaW9uIjoiNiJ9",
          "dependencies": [
            "google_compute_network.vpc-network",
            "google_compute_subnetwork.private-subnet",
            "google_project_service.compute",
            "google_service_account.private-serviceaccount"
          ]
        }
      ]
    },
    {
      "mode": "managed",
      "type": "google_compute_network",
      "name": "vpc-network",
      "provider": "provider[\"registry.terraform.io/hashicorp/google\"]",
      "instances": [
        {
          "schema_version": 0,
          "attributes": {
            "auto_create_subnetworks": false,
            "delete_default_routes_on_create": false,
            "description": "",
            "enable_ula_internal_ipv6": false,
            "gateway_ipv4": "",
            "id": "projects/nodejs-mongodb-webapplication/global/networks/vpc-network",
            "internal_ipv6_range": "",
            "mtu": 0,
            "name": "vpc-network",
            "network_firewall_policy_enforcement_order": "AFTER_CLASSIC_FIREWALL",
            "project": "nodejs-mongodb-webapplication",
            "routing_mode": "GLOBAL",
            "self_link": "https://www.googleapis.com/compute/v1/projects/nodejs-mongodb-webapplication/global/networks/vpc-network",
            "timeouts": null
          },
          "sensitive_attributes": [],
          "private": "eyJlMmJmYjczMC1lY2FhLTExZTYtOGY4OC0zNDM2M2JjN2M0YzAiOnsiY3JlYXRlIjoxMjAwMDAwMDAwMDAwLCJkZWxldGUiOjEyMDAwMDAwMDAwMDAsInVwZGF0ZSI6MTIwMDAwMDAwMDAwMH19",
          "dependencies": [
            "google_project_service.compute"
          ]
        }
      ]
    },
    {
      "mode": "managed",
      "type": "google_compute_router",
      "name": "router",
      "provider": "provider[\"registry.terraform.io/hashicorp/google\"]",
      "instances": [
        {
          "schema_version": 0,
          "attributes": {
            "bgp": [],
            "creation_timestamp": "2023-10-19T14:38:13.835-07:00",
            "description": "",
            "encrypted_interconnect_router": false,
            "id": "projects/nodejs-mongodb-webapplication/regions/us-central1/routers/router",
            "name": "router",
            "network": "https://www.googleapis.com/compute/v1/projects/nodejs-mongodb-webapplication/global/networks/vpc-network",
            "project": "nodejs-mongodb-webapplication",
            "region": "us-central1",
            "self_link": "https://www.googleapis.com/compute/v1/projects/nodejs-mongodb-webapplication/regions/us-central1/routers/router",
            "timeouts": null
          },
          "sensitive_attributes": [],
          "private": "eyJlMmJmYjczMC1lY2FhLTExZTYtOGY4OC0zNDM2M2JjN2M0YzAiOnsiY3JlYXRlIjoxMjAwMDAwMDAwMDAwLCJkZWxldGUiOjEyMDAwMDAwMDAwMDAsInVwZGF0ZSI6MTIwMDAwMDAwMDAwMH19",
          "dependencies": [
            "google_compute_network.vpc-network",
            "google_project_service.compute"
          ]
        }
      ]
    },
    {
      "mode": "managed",
      "type": "google_compute_router_nat",
      "name": "nat",
      "provider": "provider[\"registry.terraform.io/hashicorp/google\"]",
      "instances": [
        {
          "schema_version": 0,
          "attributes": {
            "drain_nat_ips": [],
            "enable_dynamic_port_allocation": false,
            "enable_endpoint_independent_mapping": false,
            "icmp_idle_timeout_sec": 30,
            "id": "nodejs-mongodb-webapplication/us-central1/router/nat",
            "log_config": [],
            "max_ports_per_vm": 0,
            "min_ports_per_vm": 0,
            "name": "nat",
            "nat_ip_allocate_option": "AUTO_ONLY",
            "nat_ips": [],
            "project": "nodejs-mongodb-webapplication",
            "region": "us-central1",
            "router": "router",
            "rules": [],
            "source_subnetwork_ip_ranges_to_nat": "LIST_OF_SUBNETWORKS",
            "subnetwork": [
              {
                "name": "https://www.googleapis.com/compute/v1/projects/nodejs-mongodb-webapplication/regions/us-central1/subnetworks/private-subnet",
                "secondary_ip_range_names": [],
                "source_ip_ranges_to_nat": [
                  "ALL_IP_RANGES"
                ]
              }
            ],
            "tcp_established_idle_timeout_sec": 1200,
            "tcp_time_wait_timeout_sec": 120,
            "tcp_transitory_idle_timeout_sec": 30,
            "timeouts": null,
            "udp_idle_timeout_sec": 30
          },
          "sensitive_attributes": [],
          "private": "eyJlMmJmYjczMC1lY2FhLTExZTYtOGY4OC0zNDM2M2JjN2M0YzAiOnsiY3JlYXRlIjoxMjAwMDAwMDAwMDAwLCJkZWxldGUiOjEyMDAwMDAwMDAwMDAsInVwZGF0ZSI6MTIwMDAwMDAwMDAwMH19",
          "dependencies": [
            "google_compute_network.vpc-network",
            "google_compute_router.router",
            "google_compute_subnetwork.private-subnet",
            "google_project_service.compute"
          ]
        }
      ]
    },
    {
      "mode": "managed",
      "type": "google_compute_subnetwork",
      "name": "private-subnet",
      "provider": "provider[\"registry.terraform.io/hashicorp/google\"]",
      "instances": [
        {
          "schema_version": 0,
          "attributes": {
            "creation_timestamp": "2023-10-19T14:38:12.904-07:00",
            "description": "",
            "external_ipv6_prefix": "",
            "fingerprint": null,
            "gateway_address": "10.2.0.1",
            "id": "projects/nodejs-mongodb-webapplication/regions/us-central1/subnetworks/private-subnet",
            "internal_ipv6_prefix": "",
            "ip_cidr_range": "10.2.0.0/16",
            "ipv6_access_type": "",
            "ipv6_cidr_range": "",
            "log_config": [],
            "name": "private-subnet",
            "network": "https://www.googleapis.com/compute/v1/projects/nodejs-mongodb-webapplication/global/networks/vpc-network",
            "private_ip_google_access": false,
            "private_ipv6_google_access": "DISABLE_GOOGLE_ACCESS",
            "project": "nodejs-mongodb-webapplication",
            "purpose": "PRIVATE",
            "region": "us-central1",
            "role": "",
            "secondary_ip_range": [],
            "self_link": "https://www.googleapis.com/compute/v1/projects/nodejs-mongodb-webapplication/regions/us-central1/subnetworks/private-subnet",
            "stack_type": "IPV4_ONLY",
            "timeouts": null
          },
          "sensitive_attributes": [],
          "private": "eyJlMmJmYjczMC1lY2FhLTExZTYtOGY4OC0zNDM2M2JjN2M0YzAiOnsiY3JlYXRlIjoxMjAwMDAwMDAwMDAwLCJkZWxldGUiOjEyMDAwMDAwMDAwMDAsInVwZGF0ZSI6MTIwMDAwMDAwMDAwMH19",
          "dependencies": [
            "google_compute_network.vpc-network",
            "google_project_service.compute"
          ]
        }
      ]
    },
    {
      "mode": "managed",
      "type": "google_compute_subnetwork",
      "name": "public-subnet",
      "provider": "provider[\"registry.terraform.io/hashicorp/google\"]",
      "instances": [
        {
          "schema_version": 0,
          "attributes": {
            "creation_timestamp": "2023-10-19T14:38:13.163-07:00",
            "description": "",
            "external_ipv6_prefix": "",
            "fingerprint": null,
            "gateway_address": "10.1.0.1",
            "id": "projects/nodejs-mongodb-webapplication/regions/us-east1/subnetworks/public-subnet",
            "internal_ipv6_prefix": "",
            "ip_cidr_range": "10.1.0.0/16",
            "ipv6_access_type": "",
            "ipv6_cidr_range": "",
            "log_config": [],
            "name": "public-subnet",
            "network": "https://www.googleapis.com/compute/v1/projects/nodejs-mongodb-webapplication/global/networks/vpc-network",
            "private_ip_google_access": true,
            "private_ipv6_google_access": "DISABLE_GOOGLE_ACCESS",
            "project": "nodejs-mongodb-webapplication",
            "purpose": "PRIVATE",
            "region": "us-east1",
            "role": "",
            "secondary_ip_range": [
              {
                "ip_cidr_range": "10.160.0.0/20",
                "range_name": "gke-gke-cluster-services-0b25dded"
              },
              {
                "ip_cidr_range": "10.156.0.0/14",
                "range_name": "gke-gke-cluster-pods-0b25dded"
              }
            ],
            "self_link": "https://www.googleapis.com/compute/v1/projects/nodejs-mongodb-webapplication/regions/us-east1/subnetworks/public-subnet",
            "stack_type": "IPV4_ONLY",
            "timeouts": null
          },
          "sensitive_attributes": [],
          "private": "eyJlMmJmYjczMC1lY2FhLTExZTYtOGY4OC0zNDM2M2JjN2M0YzAiOnsiY3JlYXRlIjoxMjAwMDAwMDAwMDAwLCJkZWxldGUiOjEyMDAwMDAwMDAwMDAsInVwZGF0ZSI6MTIwMDAwMDAwMDAwMH19",
          "dependencies": [
            "google_compute_network.vpc-network",
            "google_project_service.compute"
          ]
        }
      ]
    },
    {
      "mode": "managed",
      "type": "google_container_cluster",
      "name": "gke-cluster",
      "provider": "provider[\"registry.terraform.io/hashicorp/google\"]",
      "instances": [
        {
          "schema_version": 2,
          "attributes": {
            "addons_config": [
              {
                "cloudrun_config": [],
                "config_connector_config": [],
                "dns_cache_config": [],
                "gce_persistent_disk_csi_driver_config": [
                  {
                    "enabled": true
                  }
                ],
                "gcp_filestore_csi_driver_config": [],
                "gcs_fuse_csi_driver_config": [],
                "gke_backup_agent_config": [],
                "horizontal_pod_autoscaling": [],
                "http_load_balancing": [],
                "network_policy_config": [
                  {
                    "disabled": true
                  }
                ]
              }
            ],
            "allow_net_admin": null,
            "authenticator_groups_config": [],
            "binary_authorization": [
              {
                "enabled": false,
                "evaluation_mode": ""
              }
            ],
            "cluster_autoscaling": [
              {
                "auto_provisioning_defaults": [],
                "enabled": false,
                "resource_limits": []
              }
            ],
            "cluster_ipv4_cidr": "10.156.0.0/14",
            "confidential_nodes": [],
            "cost_management_config": [],
            "database_encryption": [
              {
                "key_name": "",
                "state": "DECRYPTED"
              }
            ],
            "datapath_provider": "",
            "default_max_pods_per_node": 110,
            "default_snat_status": [
              {
                "disabled": false
              }
            ],
            "deletion_protection": true,
            "description": "",
            "dns_config": [],
            "enable_autopilot": false,
            "enable_intranode_visibility": false,
            "enable_k8s_beta_apis": [],
            "enable_kubernetes_alpha": false,
            "enable_l4_ilb_subsetting": false,
            "enable_legacy_abac": false,
            "enable_shielded_nodes": true,
            "enable_tpu": false,
            "endpoint": "34.23.30.234",
            "gateway_api_config": [],
            "id": "projects/nodejs-mongodb-webapplication/locations/us-east1/clusters/gke-cluster",
            "initial_node_count": 1,
            "ip_allocation_policy": [
              {
                "additional_pod_ranges_config": [],
                "cluster_ipv4_cidr_block": "10.156.0.0/14",
                "cluster_secondary_range_name": "gke-gke-cluster-pods-0b25dded",
                "pod_cidr_overprovision_config": [
                  {
                    "disabled": false
                  }
                ],
                "services_ipv4_cidr_block": "10.160.0.0/20",
                "services_secondary_range_name": "gke-gke-cluster-services-0b25dded",
                "stack_type": "IPV4"
              }
            ],
            "label_fingerprint": "a9dc16a7",
            "location": "us-east1",
            "logging_config": [
              {
                "enable_components": [
                  "SYSTEM_COMPONENTS",
                  "WORKLOADS"
                ]
              }
            ],
            "logging_service": "logging.googleapis.com/kubernetes",
            "maintenance_policy": [],
            "master_auth": [
              {
                "client_certificate": "",
                "client_certificate_config": [
                  {
                    "issue_client_certificate": false
                  }
                ],
                "client_key": "",
                "cluster_ca_certificate": "LS0tLS1CRUdJTiBDRVJUSUZJQ0FURS0tLS0tCk1JSUVMVENDQXBXZ0F3SUJBZ0lSQUwyYUVVMFp5VGNIQWJpM3hYaW1Dbkl3RFFZSktvWklodmNOQVFFTEJRQXcKTHpFdE1Dc0dBMVVFQXhNa1pEWmtNVE01T1RndFl6WTNNeTAwTkdGaExXSTROR010TXpCa1pqZzVPREpsTUdSaQpNQ0FYRFRJek1UQXhPVEl5TURBeU1sb1lEekl3TlRNeE1ERXhNak13TURJeVdqQXZNUzB3S3dZRFZRUURFeVJrCk5tUXhNems1T0Mxak5qY3pMVFEwWVdFdFlqZzBZeTB6TUdSbU9EazRNbVV3WkdJd2dnR2lNQTBHQ1NxR1NJYjMKRFFFQkFRVUFBNElCandBd2dnR0tBb0lCZ1FDK0N1Q0RJa3g2OE5pYTV5U0ZRTHFDK0tWL25FZENnekd5UmxnUQpDUXQ0U3RGaGFSRzJpSkdaKzVaRzN3S2xJZ0V6SUdWdWF3dXBUN2U5TE1Qanc0bmRHY2NLVU44MENXNWRrSHQ3Cm43QXRadTEzTDVLQm5NY1Z1R0NzZW5FdVlySm00ZWJwZEs4cCs5RnpKQ1FMQnhBZDZzQW1ZazVnVXBhSk5LZGcKcmRpOGZuUGhzY25RYUhCUThkdWFEYTNWLyt4ZGY0bVh0cWVlNjBRZXlWRzN4bERxbDVFR0lGQ0FOY0RCa0MvMgoxL3dvbnB5elVEeGMvcHlVeEpvci9pRWtRMGVJaTh0VGRNTjM2SEV2djROMUZqSXF2cDBnOHRFbzFlN293cHlTCjZQN3E0Z2NtbDU3dWpNZHFncEtVbXg4eHVPMTZqL3pCTU81TWNvaXpmRVFWZHQyNW5sY3B3ODZBNlV0emxwM1YKTDhjOWlXRWNOemwvUmdVUG9jZ2tSSVVlZjZTSWM4Ti9KRTRDc1YweExpN3VlYnRRbElUdSszRDNrY1hZRUhUcwpvdnM0eTFWc05TWVIrTzg0QUFhY01PMmd1UnkwbStMK21oaWpCdURxcFp1S2lBNFZQdzhxY2poMU9CeUpQcmxXCmVtZUZJRXNkZTc0dlVScXoyYW04dXNrb09sVUNBd0VBQWFOQ01FQXdEZ1lEVlIwUEFRSC9CQVFEQWdJRU1BOEcKQTFVZEV3RUIvd1FGTUFNQkFmOHdIUVlEVlIwT0JCWUVGTnFKYjJ2MFUrRzhRSUNSNmtDTjI1MUJDN3M1TUEwRwpDU3FHU0liM0RRRUJDd1VBQTRJQmdRQzZxQUJIN0FNSGNYeVdzU1dya2ZMOGFjTjdBRFV2TXl0NEVvZ3ppODhuClE5L0FidC9GcWdNMitwSjlHLzFrR05obkhLS09QY2N1Qk45QkE4VXdoZXgybS8vdzVBajVuYThPZzUvcFZqbXkKL2tkdjhBaUNySnhlNkNOMXRhajIxTVJwdThWL0pRRGVjb2R2Sk9MMTJGQWkwZEtkd0xRQjVWTFV1NkY3Y2h0RwplMDJia0lOdWFhcHBOQ3FiUWFCME1oZVhVa3NKUVdNVElzNmY5ejNWRjBZelFNU1NpVktlcHJmREVDbWVnSlUxCldLUVBjQlBEYVB4VTg1Nkh5UnQ4WVV3cHBpN014V083YTU1T05SaEVTYVc0SFREYU9GUGVMeTBaT21KNlVUaFEKdVRlSEkwT3ZGNVJSRW9iNWxoaTMxS2RlZ3BwaWNuUWk3blhWZ3ZuL1lLNy9CbDBhZkJPWmc0VDM4eVhOWmI3bwpZR2YvMzJTdHZDQllmR1FscmdDaGZWYlZnZ1o1YU0ySFovMWZORm9jQktUSkxRdDh0VTZRRkdDYXpBVEJPK1oxCkg3WldNRTdjTnZBUTF6ai9mQlVaYzdoWXlyNk03OXd4RE00cmtMbXhRbWQyT3p0SXkxVHp0MmplVWN1T1BGa0wKQ2JLVmd3OGJtMy82UzlTcFBBL3QycTQ9Ci0tLS0tRU5EIENFUlRJRklDQVRFLS0tLS0K"
              }
            ],
            "master_authorized_networks_config": [],
            "master_version": "1.27.3-gke.100",
            "mesh_certificates": [],
            "min_master_version": null,
            "monitoring_config": [
              {
                "advanced_datapath_observability_config": [
                  {
                    "enable_metrics": false,
                    "relay_mode": "DISABLED"
                  }
                ],
                "enable_components": [
                  "SYSTEM_COMPONENTS"
                ],
                "managed_prometheus": [
                  {
                    "enabled": true
                  }
                ]
              }
            ],
            "monitoring_service": "monitoring.googleapis.com/kubernetes",
            "name": "gke-cluster",
            "network": "projects/nodejs-mongodb-webapplication/global/networks/vpc-network",
            "network_policy": [
              {
                "enabled": false,
                "provider": "PROVIDER_UNSPECIFIED"
              }
            ],
            "networking_mode": "VPC_NATIVE",
            "node_config": [
              {
                "advanced_machine_features": [],
                "boot_disk_kms_key": "",
                "confidential_nodes": [],
                "disk_size_gb": 100,
                "disk_type": "pd-balanced",
                "effective_taints": [],
                "ephemeral_storage_local_ssd_config": [],
                "fast_socket": [],
                "gcfs_config": [],
                "guest_accelerator": [],
                "gvnic": [],
                "host_maintenance_policy": [],
                "image_type": "COS_CONTAINERD",
                "kubelet_config": [],
                "labels": {},
                "linux_node_config": [],
                "local_nvme_ssd_block_config": [],
                "local_ssd_count": 0,
                "logging_variant": "DEFAULT",
                "machine_type": "e2-micro",
                "metadata": {
                  "disable-legacy-endpoints": "true"
                },
                "min_cpu_platform": "",
                "node_group": "",
                "oauth_scopes": [
                  "https://www.googleapis.com/auth/cloud-platform"
                ],
                "preemptible": false,
                "reservation_affinity": [],
                "resource_labels": {},
                "service_account": "service-gke@nodejs-mongodb-webapplication.iam.gserviceaccount.com",
                "shielded_instance_config": [
                  {
                    "enable_integrity_monitoring": true,
                    "enable_secure_boot": false
                  }
                ],
                "sole_tenant_config": [],
                "spot": false,
                "tags": [],
                "taint": [],
                "workload_metadata_config": []
              }
            ],
            "node_locations": [
              "us-east1-b",
              "us-east1-c",
              "us-east1-d"
            ],
            "node_pool": [
              {
                "autoscaling": [],
                "initial_node_count": 1,
                "instance_group_urls": [
                  "https://www.googleapis.com/compute/v1/projects/nodejs-mongodb-webapplication/zones/us-east1-b/instanceGroupManagers/gke-gke-cluster-my-primary-node-47479cde-grp",
                  "https://www.googleapis.com/compute/v1/projects/nodejs-mongodb-webapplication/zones/us-east1-c/instanceGroupManagers/gke-gke-cluster-my-primary-node-eb8d368a-grp",
                  "https://www.googleapis.com/compute/v1/projects/nodejs-mongodb-webapplication/zones/us-east1-d/instanceGroupManagers/gke-gke-cluster-my-primary-node-75d062d1-grp"
                ],
                "managed_instance_group_urls": [
                  "https://www.googleapis.com/compute/v1/projects/nodejs-mongodb-webapplication/zones/us-east1-b/instanceGroups/gke-gke-cluster-my-primary-node-47479cde-grp",
                  "https://www.googleapis.com/compute/v1/projects/nodejs-mongodb-webapplication/zones/us-east1-c/instanceGroups/gke-gke-cluster-my-primary-node-eb8d368a-grp",
                  "https://www.googleapis.com/compute/v1/projects/nodejs-mongodb-webapplication/zones/us-east1-d/instanceGroups/gke-gke-cluster-my-primary-node-75d062d1-grp"
                ],
                "management": [
                  {
                    "auto_repair": true,
                    "auto_upgrade": true
                  }
                ],
                "max_pods_per_node": 110,
                "name": "my-primary-node",
                "name_prefix": "",
                "network_config": [
                  {
                    "create_pod_range": false,
                    "enable_private_nodes": false,
                    "pod_cidr_overprovision_config": [],
                    "pod_ipv4_cidr_block": "10.156.0.0/14",
                    "pod_range": "gke-gke-cluster-pods-0b25dded"
                  }
                ],
                "node_config": [
                  {
                    "advanced_machine_features": [],
                    "boot_disk_kms_key": "",
                    "confidential_nodes": [],
                    "disk_size_gb": 100,
                    "disk_type": "pd-balanced",
                    "effective_taints": [],
                    "ephemeral_storage_local_ssd_config": [],
                    "fast_socket": [],
                    "gcfs_config": [],
                    "guest_accelerator": [],
                    "gvnic": [],
                    "host_maintenance_policy": [],
                    "image_type": "COS_CONTAINERD",
                    "kubelet_config": [],
                    "labels": {},
                    "linux_node_config": [],
                    "local_nvme_ssd_block_config": [],
                    "local_ssd_count": 0,
                    "logging_variant": "DEFAULT",
                    "machine_type": "e2-micro",
                    "metadata": {
                      "disable-legacy-endpoints": "true"
                    },
                    "min_cpu_platform": "",
                    "node_group": "",
                    "oauth_scopes": [
                      "https://www.googleapis.com/auth/cloud-platform"
                    ],
                    "preemptible": false,
                    "reservation_affinity": [],
                    "resource_labels": {},
                    "service_account": "service-gke@nodejs-mongodb-webapplication.iam.gserviceaccount.com",
                    "shielded_instance_config": [
                      {
                        "enable_integrity_monitoring": true,
                        "enable_secure_boot": false
                      }
                    ],
                    "sole_tenant_config": [],
                    "spot": false,
                    "tags": [],
                    "taint": [],
                    "workload_metadata_config": []
                  }
                ],
                "node_count": 1,
                "node_locations": [
                  "us-east1-b",
                  "us-east1-c",
                  "us-east1-d"
                ],
                "placement_policy": [],
                "upgrade_settings": [
                  {
                    "blue_green_settings": [],
                    "max_surge": 1,
                    "max_unavailable": 0,
                    "strategy": "SURGE"
                  }
                ],
                "version": "1.27.3-gke.100"
              }
            ],
            "node_pool_auto_config": [],
            "node_pool_defaults": [
              {
                "node_config_defaults": [
                  {
                    "logging_variant": "DEFAULT"
                  }
                ]
              }
            ],
            "node_version": "1.27.3-gke.100",
            "notification_config": [
              {
                "pubsub": [
                  {
                    "enabled": false,
                    "filter": [],
                    "topic": ""
                  }
                ]
              }
            ],
            "operation": null,
            "private_cluster_config": [
              {
                "enable_private_endpoint": false,
                "enable_private_nodes": true,
                "master_global_access_config": [
                  {
                    "enabled": false
                  }
                ],
                "master_ipv4_cidr_block": "172.16.0.0/28",
                "peering_name": "gke-nf1cb891f5cf1229f7e7-15a1-7945-peer",
                "private_endpoint": "172.16.0.2",
                "private_endpoint_subnetwork": "",
                "public_endpoint": "34.23.30.234"
              }
            ],
            "private_ipv6_google_access": "",
            "project": "nodejs-mongodb-webapplication",
            "release_channel": [
              {
                "channel": "REGULAR"
              }
            ],
            "remove_default_node_pool": true,
            "resource_labels": {},
            "resource_usage_export_config": [],
            "security_posture_config": [
              {
                "mode": "BASIC",
                "vulnerability_mode": "VULNERABILITY_MODE_UNSPECIFIED"
              }
            ],
            "self_link": "https://container.googleapis.com/v1/projects/nodejs-mongodb-webapplication/locations/us-east1/clusters/gke-cluster",
            "service_external_ips_config": [
              {
                "enabled": false
              }
            ],
            "services_ipv4_cidr": "10.160.0.0/20",
            "subnetwork": "projects/nodejs-mongodb-webapplication/regions/us-east1/subnetworks/public-subnet",
            "timeouts": null,
            "tpu_ipv4_cidr_block": "",
            "vertical_pod_autoscaling": [],
            "workload_identity_config": []
          },
          "sensitive_attributes": [],
          "private": "eyJlMmJmYjczMC1lY2FhLTExZTYtOGY4OC0zNDM2M2JjN2M0YzAiOnsiY3JlYXRlIjoyNDAwMDAwMDAwMDAwLCJkZWxldGUiOjI0MDAwMDAwMDAwMDAsInJlYWQiOjI0MDAwMDAwMDAwMDAsInVwZGF0ZSI6MzYwMDAwMDAwMDAwMH0sInNjaGVtYV92ZXJzaW9uIjoiMiJ9",
          "dependencies": [
            "google_compute_network.vpc-network",
            "google_compute_subnetwork.public-subnet",
            "google_project_service.compute"
          ]
        }
      ]
    },
    {
      "mode": "managed",
      "type": "google_container_node_pool",
      "name": "primary_node",
      "provider": "provider[\"registry.terraform.io/hashicorp/google\"]",
      "instances": [
        {
          "schema_version": 1,
          "attributes": {
            "autoscaling": [],
            "cluster": "gke-cluster",
            "id": "projects/nodejs-mongodb-webapplication/locations/us-east1/clusters/gke-cluster/nodePools/my-primary-node",
            "initial_node_count": 1,
            "instance_group_urls": [
              "https://www.googleapis.com/compute/v1/projects/nodejs-mongodb-webapplication/zones/us-east1-b/instanceGroupManagers/gke-gke-cluster-my-primary-node-47479cde-grp",
              "https://www.googleapis.com/compute/v1/projects/nodejs-mongodb-webapplication/zones/us-east1-c/instanceGroupManagers/gke-gke-cluster-my-primary-node-eb8d368a-grp",
              "https://www.googleapis.com/compute/v1/projects/nodejs-mongodb-webapplication/zones/us-east1-d/instanceGroupManagers/gke-gke-cluster-my-primary-node-75d062d1-grp"
            ],
            "location": "us-east1",
            "managed_instance_group_urls": [
              "https://www.googleapis.com/compute/v1/projects/nodejs-mongodb-webapplication/zones/us-east1-b/instanceGroups/gke-gke-cluster-my-primary-node-47479cde-grp",
              "https://www.googleapis.com/compute/v1/projects/nodejs-mongodb-webapplication/zones/us-east1-c/instanceGroups/gke-gke-cluster-my-primary-node-eb8d368a-grp",
              "https://www.googleapis.com/compute/v1/projects/nodejs-mongodb-webapplication/zones/us-east1-d/instanceGroups/gke-gke-cluster-my-primary-node-75d062d1-grp"
            ],
            "management": [
              {
                "auto_repair": true,
                "auto_upgrade": true
              }
            ],
            "max_pods_per_node": 110,
            "name": "my-primary-node",
            "name_prefix": "",
            "network_config": [
              {
                "create_pod_range": false,
                "enable_private_nodes": false,
                "pod_cidr_overprovision_config": [],
                "pod_ipv4_cidr_block": "10.156.0.0/14",
                "pod_range": "gke-gke-cluster-pods-0b25dded"
              }
            ],
            "node_config": [
              {
                "advanced_machine_features": [],
                "boot_disk_kms_key": "",
                "confidential_nodes": [],
                "disk_size_gb": 100,
                "disk_type": "pd-balanced",
                "effective_taints": [],
                "ephemeral_storage_local_ssd_config": [],
                "fast_socket": [],
                "gcfs_config": [],
                "guest_accelerator": [],
                "gvnic": [],
                "host_maintenance_policy": [],
                "image_type": "COS_CONTAINERD",
                "kubelet_config": [],
                "labels": {},
                "linux_node_config": [],
                "local_nvme_ssd_block_config": [],
                "local_ssd_count": 0,
                "logging_variant": "DEFAULT",
                "machine_type": "e2-micro",
                "metadata": {
                  "disable-legacy-endpoints": "true"
                },
                "min_cpu_platform": "",
                "node_group": "",
                "oauth_scopes": [
                  "https://www.googleapis.com/auth/cloud-platform"
                ],
                "preemptible": false,
                "reservation_affinity": [],
                "resource_labels": {},
                "service_account": "service-gke@nodejs-mongodb-webapplication.iam.gserviceaccount.com",
                "shielded_instance_config": [
                  {
                    "enable_integrity_monitoring": true,
                    "enable_secure_boot": false
                  }
                ],
                "sole_tenant_config": [],
                "spot": false,
                "tags": [],
                "taint": [],
                "workload_metadata_config": []
              }
            ],
            "node_count": 1,
            "node_locations": [
              "us-east1-b",
              "us-east1-c",
              "us-east1-d"
            ],
            "operation": null,
            "placement_policy": [],
            "project": "nodejs-mongodb-webapplication",
            "timeouts": null,
            "upgrade_settings": [
              {
                "blue_green_settings": [],
                "max_surge": 1,
                "max_unavailable": 0,
                "strategy": "SURGE"
              }
            ],
            "version": "1.27.3-gke.100"
          },
          "sensitive_attributes": [],
          "private": "eyJlMmJmYjczMC1lY2FhLTExZTYtOGY4OC0zNDM2M2JjN2M0YzAiOnsiY3JlYXRlIjoxODAwMDAwMDAwMDAwLCJkZWxldGUiOjE4MDAwMDAwMDAwMDAsInVwZGF0ZSI6MTgwMDAwMDAwMDAwMH0sInNjaGVtYV92ZXJzaW9uIjoiMSJ9",
          "dependencies": [
            "google_compute_network.vpc-network",
            "google_compute_subnetwork.public-subnet",
            "google_container_cluster.gke-cluster",
            "google_project_service.compute",
            "google_service_account.gke-serviceaccount"
          ]
        }
      ]
    },
    {
      "mode": "managed",
      "type": "google_project_iam_member",
      "name": "admin-role",
      "provider": "provider[\"registry.terraform.io/hashicorp/google\"]",
      "instances": [
        {
          "schema_version": 0,
          "attributes": {
            "condition": [],
            "etag": "BwYIOzwkKRU=",
            "id": "nodejs-mongodb-webapplication/roles/container.clusterAdmin/serviceAccount:service-vm@nodejs-mongodb-webapplication.iam.gserviceaccount.com",
            "member": "serviceAccount:service-vm@nodejs-mongodb-webapplication.iam.gserviceaccount.com",
            "project": "nodejs-mongodb-webapplication",
            "role": "roles/container.clusterAdmin"
          },
          "sensitive_attributes": [],
          "private": "bnVsbA==",
          "dependencies": [
            "google_service_account.private-serviceaccount"
          ]
        }
      ]
    },
    {
      "mode": "managed",
      "type": "google_project_iam_member",
      "name": "artifact-role",
      "provider": "provider[\"registry.terraform.io/hashicorp/google\"]",
      "instances": [
        {
          "schema_version": 0,
          "attributes": {
            "condition": [],
            "etag": "BwYIOzwkKRU=",
            "id": "nodejs-mongodb-webapplication/roles/artifactregistry.repoAdmin/serviceAccount:service-vm@nodejs-mongodb-webapplication.iam.gserviceaccount.com",
            "member": "serviceAccount:service-vm@nodejs-mongodb-webapplication.iam.gserviceaccount.com",
            "project": "nodejs-mongodb-webapplication",
            "role": "roles/artifactregistry.repoAdmin"
          },
          "sensitive_attributes": [],
          "private": "bnVsbA==",
          "dependencies": [
            "google_service_account.private-serviceaccount"
          ]
        }
      ]
    },
    {
      "mode": "managed",
      "type": "google_project_iam_member",
      "name": "gke-logWriter",
      "provider": "provider[\"registry.terraform.io/hashicorp/google\"]",
      "instances": [
        {
          "schema_version": 0,
          "attributes": {
            "condition": [],
            "etag": "BwYIOzwkKRU=",
            "id": "nodejs-mongodb-webapplication/roles/logging.logWriter/serviceAccount:service-gke@nodejs-mongodb-webapplication.iam.gserviceaccount.com",
            "member": "serviceAccount:service-gke@nodejs-mongodb-webapplication.iam.gserviceaccount.com",
            "project": "nodejs-mongodb-webapplication",
            "role": "roles/logging.logWriter"
          },
          "sensitive_attributes": [],
          "private": "bnVsbA==",
          "dependencies": [
            "google_service_account.gke-serviceaccount"
          ]
        }
      ]
    },
    {
      "mode": "managed",
      "type": "google_project_iam_member",
      "name": "gke-role",
      "provider": "provider[\"registry.terraform.io/hashicorp/google\"]",
      "instances": [
        {
          "schema_version": 0,
          "attributes": {
            "condition": [],
            "etag": "BwYIOzwkKRU=",
            "id": "nodejs-mongodb-webapplication/roles/container.clusterViewer/serviceAccount:service-vm@nodejs-mongodb-webapplication.iam.gserviceaccount.com",
            "member": "serviceAccount:service-vm@nodejs-mongodb-webapplication.iam.gserviceaccount.com",
            "project": "nodejs-mongodb-webapplication",
            "role": "roles/container.clusterViewer"
          },
          "sensitive_attributes": [],
          "private": "bnVsbA==",
          "dependencies": [
            "google_service_account.private-serviceaccount"
          ]
        }
      ]
    },
    {
      "mode": "managed",
      "type": "google_project_iam_member",
      "name": "gke-role-Metadata",
      "provider": "provider[\"registry.terraform.io/hashicorp/google\"]",
      "instances": [
        {
          "schema_version": 0,
          "attributes": {
            "condition": [],
            "etag": "BwYIOzwkKRU=",
            "id": "nodejs-mongodb-webapplication/roles/stackdriver.resourceMetadata.writer/serviceAccount:service-gke@nodejs-mongodb-webapplication.iam.gserviceaccount.com",
            "member": "serviceAccount:service-gke@nodejs-mongodb-webapplication.iam.gserviceaccount.com",
            "project": "nodejs-mongodb-webapplication",
            "role": "roles/stackdriver.resourceMetadata.writer"
          },
          "sensitive_attributes": [],
          "private": "bnVsbA==",
          "dependencies": [
            "google_service_account.gke-serviceaccount"
          ]
        }
      ]
    },
    {
      "mode": "managed",
      "type": "google_project_iam_member",
      "name": "gke-role-metricsWriter",
      "provider": "provider[\"registry.terraform.io/hashicorp/google\"]",
      "instances": [
        {
          "schema_version": 0,
          "attributes": {
            "condition": [],
            "etag": "BwYIOzwkKRU=",
            "id": "nodejs-mongodb-webapplication/roles/autoscaling.metricsWriter/serviceAccount:service-gke@nodejs-mongodb-webapplication.iam.gserviceaccount.com",
            "member": "serviceAccount:service-gke@nodejs-mongodb-webapplication.iam.gserviceaccount.com",
            "project": "nodejs-mongodb-webapplication",
            "role": "roles/autoscaling.metricsWriter"
          },
          "sensitive_attributes": [],
          "private": "bnVsbA==",
          "dependencies": [
            "google_service_account.gke-serviceaccount"
          ]
        }
      ]
    },
    {
      "mode": "managed",
      "type": "google_project_iam_member",
      "name": "gke-role-reader",
      "provider": "provider[\"registry.terraform.io/hashicorp/google\"]",
      "instances": [
        {
          "schema_version": 0,
          "attributes": {
            "condition": [],
            "etag": "BwYIOzwkKRU=",
            "id": "nodejs-mongodb-webapplication/roles/artifactregistry.reader/serviceAccount:service-gke@nodejs-mongodb-webapplication.iam.gserviceaccount.com",
            "member": "serviceAccount:service-gke@nodejs-mongodb-webapplication.iam.gserviceaccount.com",
            "project": "nodejs-mongodb-webapplication",
            "role": "roles/artifactregistry.reader"
          },
          "sensitive_attributes": [],
          "private": "bnVsbA==",
          "dependencies": [
            "google_service_account.gke-serviceaccount"
          ]
        }
      ]
    },
    {
      "mode": "managed",
      "type": "google_project_iam_member",
      "name": "gke-role-viewer",
      "provider": "provider[\"registry.terraform.io/hashicorp/google\"]",
      "instances": [
        {
          "schema_version": 0,
          "attributes": {
            "condition": [],
            "etag": "BwYIOzwkKRU=",
            "id": "nodejs-mongodb-webapplication/roles/monitoring.viewer/serviceAccount:service-gke@nodejs-mongodb-webapplication.iam.gserviceaccount.com",
            "member": "serviceAccount:service-gke@nodejs-mongodb-webapplication.iam.gserviceaccount.com",
            "project": "nodejs-mongodb-webapplication",
            "role": "roles/monitoring.viewer"
          },
          "sensitive_attributes": [],
          "private": "bnVsbA==",
          "dependencies": [
            "google_service_account.gke-serviceaccount"
          ]
        }
      ]
    },
    {
      "mode": "managed",
      "type": "google_project_iam_member",
      "name": "service_account_with-gke-metricWriter",
      "provider": "provider[\"registry.terraform.io/hashicorp/google\"]",
      "instances": [
        {
          "schema_version": 0,
          "attributes": {
            "condition": [],
            "etag": "BwYIOzwkKRU=",
            "id": "nodejs-mongodb-webapplication/roles/monitoring.metricWriter/serviceAccount:service-gke@nodejs-mongodb-webapplication.iam.gserviceaccount.com",
            "member": "serviceAccount:service-gke@nodejs-mongodb-webapplication.iam.gserviceaccount.com",
            "project": "nodejs-mongodb-webapplication",
            "role": "roles/monitoring.metricWriter"
          },
          "sensitive_attributes": [],
          "private": "bnVsbA==",
          "dependencies": [
            "google_service_account.gke-serviceaccount"
          ]
        }
      ]
    },
    {
      "mode": "managed",
      "type": "google_project_iam_member",
      "name": "vm-containerAdmin",
      "provider": "provider[\"registry.terraform.io/hashicorp/google\"]",
      "instances": [
        {
          "schema_version": 0,
          "attributes": {
            "condition": [],
            "etag": "BwYIQJI/ixg=",
            "id": "nodejs-mongodb-webapplication/roles/container.admin/serviceAccount:service-vm@nodejs-mongodb-webapplication.iam.gserviceaccount.com",
            "member": "serviceAccount:service-vm@nodejs-mongodb-webapplication.iam.gserviceaccount.com",
            "project": "nodejs-mongodb-webapplication",
            "role": "roles/container.admin"
          },
          "sensitive_attributes": [],
          "private": "bnVsbA==",
          "dependencies": [
            "google_service_account.private-serviceaccount"
          ]
        }
      ]
    },
    {
      "mode": "managed",
      "type": "google_project_service",
      "name": "compute",
      "provider": "provider[\"registry.terraform.io/hashicorp/google\"]",
      "instances": [
        {
          "schema_version": 0,
          "attributes": {
            "disable_dependent_services": null,
            "disable_on_destroy": true,
            "id": "nodejs-mongodb-webapplication/compute.googleapis.com",
            "project": "nodejs-mongodb-webapplication",
            "service": "compute.googleapis.com",
            "timeouts": null
          },
          "sensitive_attributes": [],
          "private": "eyJlMmJmYjczMC1lY2FhLTExZTYtOGY4OC0zNDM2M2JjN2M0YzAiOnsiY3JlYXRlIjoxMjAwMDAwMDAwMDAwLCJkZWxldGUiOjEyMDAwMDAwMDAwMDAsInJlYWQiOjYwMDAwMDAwMDAwMCwidXBkYXRlIjoxMjAwMDAwMDAwMDAwfX0="
        }
      ]
    },
    {
      "mode": "managed",
      "type": "google_service_account",
      "name": "gke-serviceaccount",
      "provider": "provider[\"registry.terraform.io/hashicorp/google\"]",
      "instances": [
        {
          "schema_version": 0,
          "attributes": {
            "account_id": "service-gke",
            "description": "",
            "disabled": false,
            "display_name": "",
            "email": "service-gke@nodejs-mongodb-webapplication.iam.gserviceaccount.com",
            "id": "projects/nodejs-mongodb-webapplication/serviceAccounts/service-gke@nodejs-mongodb-webapplication.iam.gserviceaccount.com",
            "member": "serviceAccount:service-gke@nodejs-mongodb-webapplication.iam.gserviceaccount.com",
            "name": "projects/nodejs-mongodb-webapplication/serviceAccounts/service-gke@nodejs-mongodb-webapplication.iam.gserviceaccount.com",
            "project": "nodejs-mongodb-webapplication",
            "timeouts": null,
            "unique_id": "117727528249529687945"
          },
          "sensitive_attributes": [],
          "private": "eyJlMmJmYjczMC1lY2FhLTExZTYtOGY4OC0zNDM2M2JjN2M0YzAiOnsiY3JlYXRlIjozMDAwMDAwMDAwMDB9fQ=="
        }
      ]
    },
    {
      "mode": "managed",
      "type": "google_service_account",
      "name": "private-serviceaccount",
      "provider": "provider[\"registry.terraform.io/hashicorp/google\"]",
      "instances": [
        {
          "schema_version": 0,
          "attributes": {
            "account_id": "service-vm",
            "description": "",
            "disabled": false,
            "display_name": "",
            "email": "service-vm@nodejs-mongodb-webapplication.iam.gserviceaccount.com",
            "id": "projects/nodejs-mongodb-webapplication/serviceAccounts/service-vm@nodejs-mongodb-webapplication.iam.gserviceaccount.com",
            "member": "serviceAccount:service-vm@nodejs-mongodb-webapplication.iam.gserviceaccount.com",
            "name": "projects/nodejs-mongodb-webapplication/serviceAccounts/service-vm@nodejs-mongodb-webapplication.iam.gserviceaccount.com",
            "project": "nodejs-mongodb-webapplication",
            "timeouts": null,
            "unique_id": "109960699601694097545"
          },
          "sensitive_attributes": [],
          "private": "eyJlMmJmYjczMC1lY2FhLTExZTYtOGY4OC0zNDM2M2JjN2M0YzAiOnsiY3JlYXRlIjozMDAwMDAwMDAwMDB9fQ=="
        }
      ]
    }
  ],
  "check_results": null
}
