{
  "version": 4,
  "terraform_version": "1.5.7",
  "serial": 780,
  "lineage": "7c50624f-bc48-ad02-5d9a-5b6410d9070b",
  "outputs": {},
  "resources": [
    {
      "module": "module.Compute",
      "mode": "managed",
      "type": "google_compute_instance",
      "name": "private-vm",
      "provider": "provider[\"registry.terraform.io/hashicorp/google\"]",
      "instances": [
        {
          "schema_version": 6,
          "attributes": {
            "advanced_machine_features": [],
            "allow_stopping_for_update": null,
            "attached_disk": [],
            "boot_disk": [
              {
                "auto_delete": true,
                "device_name": "persistent-disk-0",
                "disk_encryption_key_raw": "",
                "disk_encryption_key_sha256": "",
                "initialize_params": [
                  {
                    "image": "https://www.googleapis.com/compute/v1/projects/debian-cloud/global/images/debian-11-bullseye-v20231010",
                    "labels": {
                      "my_label": "private-vm"
                    },
                    "resource_manager_tags": null,
                    "size": 10,
                    "type": "pd-standard"
                  }
                ],
                "kms_key_self_link": "",
                "mode": "READ_WRITE",
                "source": "https://www.googleapis.com/compute/v1/projects/gcp-kubernetes-project-402813/zones/us-east1-b/disks/my-private-vm"
              }
            ],
            "can_ip_forward": false,
            "confidential_instance_config": [],
            "cpu_platform": "Intel Broadwell",
            "current_status": "RUNNING",
            "deletion_protection": false,
            "description": "",
            "desired_status": null,
            "effective_labels": {},
            "enable_display": false,
            "guest_accelerator": [],
            "hostname": "",
            "id": "projects/gcp-kubernetes-project-402813/zones/us-east1-b/instances/my-private-vm",
            "instance_id": "2101414809728416263",
            "label_fingerprint": "42WmSpB8rSM=",
            "labels": null,
            "machine_type": "e2-micro",
            "metadata": null,
            "metadata_fingerprint": "5mOfUMJA2SQ=",
            "metadata_startup_script": null,
            "min_cpu_platform": "",
            "name": "my-private-vm",
            "network_interface": [
              {
                "access_config": [],
                "alias_ip_range": [],
                "internal_ipv6_prefix_length": 0,
                "ipv6_access_config": [],
                "ipv6_access_type": "",
                "ipv6_address": "",
                "name": "nic0",
                "network": "https://www.googleapis.com/compute/v1/projects/gcp-kubernetes-project-402813/global/networks/vpc-network",
                "network_ip": "10.2.0.2",
                "nic_type": "",
                "queue_count": 0,
                "stack_type": "IPV4_ONLY",
                "subnetwork": "https://www.googleapis.com/compute/v1/projects/gcp-kubernetes-project-402813/regions/us-east1/subnetworks/private-subnet-name",
                "subnetwork_project": "gcp-kubernetes-project-402813"
              }
            ],
            "network_performance_config": [],
            "params": [],
            "project": "gcp-kubernetes-project-402813",
            "reservation_affinity": [],
            "resource_policies": null,
            "scheduling": [
              {
                "automatic_restart": true,
                "instance_termination_action": "",
                "local_ssd_recovery_timeout": [],
                "min_node_cpus": 0,
                "node_affinities": [],
                "on_host_maintenance": "MIGRATE",
                "preemptible": false,
                "provisioning_model": "STANDARD"
              }
            ],
            "scratch_disk": [],
            "self_link": "https://www.googleapis.com/compute/v1/projects/gcp-kubernetes-project-402813/zones/us-east1-b/instances/my-private-vm",
            "service_account": [
              {
                "email": "gcp-kubernetes-project-402813@gcp-kubernetes-project-402813.iam.gserviceaccount.com",
                "scopes": [
                  "https://www.googleapis.com/auth/cloud-platform"
                ]
              }
            ],
            "shielded_instance_config": [
              {
                "enable_integrity_monitoring": true,
                "enable_secure_boot": false,
                "enable_vtpm": true
              }
            ],
            "tags": null,
            "tags_fingerprint": "42WmSpB8rSM=",
            "terraform_labels": {},
            "timeouts": null,
            "zone": "us-east1-b"
          },
          "sensitive_attributes": [],
          "private": "eyJlMmJmYjczMC1lY2FhLTExZTYtOGY4OC0zNDM2M2JjN2M0YzAiOnsiY3JlYXRlIjoxMjAwMDAwMDAwMDAwLCJkZWxldGUiOjEyMDAwMDAwMDAwMDAsInVwZGF0ZSI6MTIwMDAwMDAwMDAwMH0sInNjaGVtYV92ZXJzaW9uIjoiNiJ9",
          "dependencies": [
            "module.IAM.google_service_account.private-serviceaccount",
            "module.Network.google_compute_network.vpc-network",
            "module.Network.google_compute_subnetwork.private-subnet"
          ]
        }
      ]
    },
    {
      "module": "module.Compute",
      "mode": "managed",
      "type": "google_container_cluster",
      "name": "gke-cluster",
      "provider": "provider[\"registry.terraform.io/hashicorp/google\"]",
      "instances": [
        {
          "schema_version": 2,
          "attributes": {
            "addons_config": [
              {
                "cloudrun_config": [],
                "config_connector_config": [],
                "dns_cache_config": [],
                "gce_persistent_disk_csi_driver_config": [
                  {
                    "enabled": true
                  }
                ],
                "gcp_filestore_csi_driver_config": [],
                "gcs_fuse_csi_driver_config": [],
                "gke_backup_agent_config": [],
                "horizontal_pod_autoscaling": [],
                "http_load_balancing": [],
                "network_policy_config": [
                  {
                    "disabled": true
                  }
                ]
              }
            ],
            "allow_net_admin": null,
            "authenticator_groups_config": [],
            "binary_authorization": [
              {
                "enabled": false,
                "evaluation_mode": ""
              }
            ],
            "cluster_autoscaling": [
              {
                "auto_provisioning_defaults": [],
                "enabled": false,
                "resource_limits": []
              }
            ],
            "cluster_ipv4_cidr": "10.76.0.0/14",
            "confidential_nodes": [],
            "cost_management_config": [],
            "database_encryption": [
              {
                "key_name": "",
                "state": "DECRYPTED"
              }
            ],
            "datapath_provider": "",
            "default_max_pods_per_node": 110,
            "default_snat_status": [
              {
                "disabled": false
              }
            ],
            "deletion_protection": true,
            "description": "",
            "dns_config": [],
            "enable_autopilot": false,
            "enable_intranode_visibility": false,
            "enable_k8s_beta_apis": [],
            "enable_kubernetes_alpha": false,
            "enable_l4_ilb_subsetting": false,
            "enable_legacy_abac": false,
            "enable_shielded_nodes": true,
            "enable_tpu": false,
            "endpoint": "35.193.163.178",
            "gateway_api_config": [],
            "id": "projects/gcp-kubernetes-project-402813/locations/us-central1/clusters/gke-cluster",
            "initial_node_count": 1,
            "ip_allocation_policy": [
              {
                "additional_pod_ranges_config": [],
                "cluster_ipv4_cidr_block": "10.76.0.0/14",
                "cluster_secondary_range_name": "gke-gke-cluster-pods-a6f2047d",
                "pod_cidr_overprovision_config": [
                  {
                    "disabled": false
                  }
                ],
                "services_ipv4_cidr_block": "10.80.0.0/20",
                "services_secondary_range_name": "gke-gke-cluster-services-a6f2047d",
                "stack_type": "IPV4"
              }
            ],
            "label_fingerprint": "a9dc16a7",
            "location": "us-central1",
            "logging_config": [
              {
                "enable_components": [
                  "SYSTEM_COMPONENTS",
                  "WORKLOADS"
                ]
              }
            ],
            "logging_service": "logging.googleapis.com/kubernetes",
            "maintenance_policy": [],
            "master_auth": [
              {
                "client_certificate": "",
                "client_certificate_config": [
                  {
                    "issue_client_certificate": false
                  }
                ],
                "client_key": "",
                "cluster_ca_certificate": "LS0tLS1CRUdJTiBDRVJUSUZJQ0FURS0tLS0tCk1JSUVMVENDQXBXZ0F3SUJBZ0lSQU11TmxtdDNLcEpRdFdUb2lWU1VUdkl3RFFZSktvWklodmNOQVFFTEJRQXcKTHpFdE1Dc0dBMVVFQXhNa1pqQm1aalkzTVdJdE1EYzBZeTAwT0RGbUxUazVNamd0TTJFek9UUTVZekU1WXpJNApNQ0FYRFRJek1UQXlNekUxTURjMU9Gb1lEekl3TlRNeE1ERTFNVFl3TnpVNFdqQXZNUzB3S3dZRFZRUURFeVJtCk1HWm1OamN4WWkwd056UmpMVFE0TVdZdE9Ua3lPQzB6WVRNNU5EbGpNVGxqTWpnd2dnR2lNQTBHQ1NxR1NJYjMKRFFFQkFRVUFBNElCandBd2dnR0tBb0lCZ1FDcjN6cWp3TmdYNXJDQjZnQnJIYUxVeVpxTk81MmRqU0NsZ0hPSgp4YnFxVDlnOEgzNkVqTGxLQ0xTZUhuZVBOZGZST09OeTlnSW13T3pRNTZsUWg0cmcxOHlPbCs1NFhCRFlPdGRoCjVlb0FyUk9CZXpRb1RKNmdMdFBDZFB6WFJuZllORGdsSG4rdnk4aytpdThlTHBJME12R2pFbG8yNUpRYTR4QzYKcWlBNTZtZWo3Rm44Z1htVTB6WlVaU2tTVFEzN0FDM2pjWXZuWm1zMVpkaVRQV1V2MEJ6d094d0p3K3VHclBIYwpZbkl2UGdpN203L2dLelpCbmpzbHdkanFRYnNpdlZPMk5lSXJoMDA2d01pT3JITmt4SXRaamU3SFFRdVNaeVhOCmZaekhUczRoQ0dWYXpHaHFJOU9JOGlTYjM0REJRUThiR1dSaTJPcVBDTXhqSFgzYTFpK2RsTXJwVy9hcXh4SUIKQkEyeFlpNVUrSi9FQ3Q1ZkpqMWRmZUdhMS9EVjZwOGRvelE4ZUxBRlJYUElYUllSY3U3SjhnUHZwNHNBWGJtcAo1UDEvUjJwZ000MzhtR1R5QTFhbkw0c1hWeUhKaWNKRHR0U1dSUFZuanJORzBqODRzelNZS0VSRW54S0FnbnU1CjVNY0k4VG1FWDZlNi9qWGppUTAxN1BYNzdLa0NBd0VBQWFOQ01FQXdEZ1lEVlIwUEFRSC9CQVFEQWdJRU1BOEcKQTFVZEV3RUIvd1FGTUFNQkFmOHdIUVlEVlIwT0JCWUVGSzlEWmJ5MmdpdjIxZ1c1R240akM2Wk1sWkY5TUEwRwpDU3FHU0liM0RRRUJDd1VBQTRJQmdRQmRDV2ZOalBTYlR4MUNtaVl2S2pMSG1wcHNSNm1HQksvWStmOUlsWjI3CkR0TWZ2OGQvRUpmazRBOHZ4L3EzbHRLU2F0SHZSVEJTRGsrK0JmQlBrYmhEa3Q4RjBVVGloeGwxZ3hBS2FQeUYKQnVUbVJOWlFIMk5DKzJRVWZVSDhNKy9ySVpOTng5U3lnU3NjUVI2MWZkdld3ck04LzN5T1JXa0NCOEdHSWlEbgo5clNhQXcvU1VWdHByUDZ6b0JTb3pkajg2OVdWbjA4Z0I2czJXZnBCU0cwNHBiUjBSUVk3Rk1KT3JJOTltb1NjCnFoeWh0dzJ6S3M0dEkrNWI3N1h0NTZtMXR4MFNGS1JCZTJJOXlKQ2dXdGhPZUNkbzVQODAvRHFkdUhYcjU5SngKQ0paU3NhNVRkdW8yVmNBYmN0MDFTYmk4dmJvbTRnU3dHcXhJTVhiTzJTRnM0em5LNytQRjQxb3U1eWp0N3RIcgp2aGFlM043VEhTcEJTNjhjd2krTUhzTTJNdkVNZWNHZk9FOUVHcWYzMkMyMUc1Z21pRGdxK3NONGZ0OXdHb3VZCkFKVGlvRW5HOXQ1dEtSWGo0ZmNKSm1ZbUk4WFpLK1JMQVoyWEJ4ZW5jTXN6YkxQeGVPQWpnNENWZUp3NEZ2ZTQKdDdCTWRFMXllcWtiYmswOTR6MWZCUUk9Ci0tLS0tRU5EIENFUlRJRklDQVRFLS0tLS0K"
              }
            ],
            "master_authorized_networks_config": [],
            "master_version": "1.27.3-gke.100",
            "mesh_certificates": [],
            "min_master_version": null,
            "monitoring_config": [
              {
                "advanced_datapath_observability_config": [
                  {
                    "enable_metrics": false,
                    "relay_mode": "DISABLED"
                  }
                ],
                "enable_components": [
                  "SYSTEM_COMPONENTS"
                ],
                "managed_prometheus": [
                  {
                    "enabled": true
                  }
                ]
              }
            ],
            "monitoring_service": "monitoring.googleapis.com/kubernetes",
            "name": "gke-cluster",
            "network": "projects/gcp-kubernetes-project-402813/global/networks/vpc-network",
            "network_policy": [
              {
                "enabled": false,
                "provider": "PROVIDER_UNSPECIFIED"
              }
            ],
            "networking_mode": "VPC_NATIVE",
            "node_config": [
              {
                "advanced_machine_features": [],
                "boot_disk_kms_key": "",
                "confidential_nodes": [],
                "disk_size_gb": 100,
                "disk_type": "pd-balanced",
                "effective_taints": [],
                "ephemeral_storage_local_ssd_config": [],
                "fast_socket": [],
                "gcfs_config": [],
                "guest_accelerator": [],
                "gvnic": [],
                "host_maintenance_policy": [],
                "image_type": "COS_CONTAINERD",
                "kubelet_config": [],
                "labels": {},
                "linux_node_config": [],
                "local_nvme_ssd_block_config": [],
                "local_ssd_count": 0,
                "logging_variant": "DEFAULT",
                "machine_type": "e2-medium",
                "metadata": {
                  "disable-legacy-endpoints": "true"
                },
                "min_cpu_platform": "",
                "node_group": "",
                "oauth_scopes": [
                  "https://www.googleapis.com/auth/devstorage.read_only",
                  "https://www.googleapis.com/auth/logging.write",
                  "https://www.googleapis.com/auth/monitoring",
                  "https://www.googleapis.com/auth/service.management.readonly",
                  "https://www.googleapis.com/auth/servicecontrol",
                  "https://www.googleapis.com/auth/trace.append"
                ],
                "preemptible": false,
                "reservation_affinity": [],
                "resource_labels": {},
                "service_account": "default",
                "shielded_instance_config": [
                  {
                    "enable_integrity_monitoring": true,
                    "enable_secure_boot": false
                  }
                ],
                "sole_tenant_config": [],
                "spot": false,
                "tags": [],
                "taint": [],
                "workload_metadata_config": []
              }
            ],
            "node_locations": [
              "us-central1-a",
              "us-central1-b",
              "us-central1-c"
            ],
            "node_pool": [
              {
                "autoscaling": [],
                "initial_node_count": 1,
                "instance_group_urls": [
                  "https://www.googleapis.com/compute/v1/projects/gcp-kubernetes-project-402813/zones/us-central1-b/instanceGroupManagers/gke-gke-cluster-default-pool-a42f5b08-grp",
                  "https://www.googleapis.com/compute/v1/projects/gcp-kubernetes-project-402813/zones/us-central1-c/instanceGroupManagers/gke-gke-cluster-default-pool-d1bcd002-grp",
                  "https://www.googleapis.com/compute/v1/projects/gcp-kubernetes-project-402813/zones/us-central1-a/instanceGroupManagers/gke-gke-cluster-default-pool-de9b7543-grp"
                ],
                "managed_instance_group_urls": [
                  "https://www.googleapis.com/compute/v1/projects/gcp-kubernetes-project-402813/zones/us-central1-b/instanceGroups/gke-gke-cluster-default-pool-a42f5b08-grp",
                  "https://www.googleapis.com/compute/v1/projects/gcp-kubernetes-project-402813/zones/us-central1-c/instanceGroups/gke-gke-cluster-default-pool-d1bcd002-grp",
                  "https://www.googleapis.com/compute/v1/projects/gcp-kubernetes-project-402813/zones/us-central1-a/instanceGroups/gke-gke-cluster-default-pool-de9b7543-grp"
                ],
                "management": [
                  {
                    "auto_repair": true,
                    "auto_upgrade": true
                  }
                ],
                "max_pods_per_node": 110,
                "name": "default-pool",
                "name_prefix": "",
                "network_config": [
                  {
                    "create_pod_range": false,
                    "enable_private_nodes": false,
                    "pod_cidr_overprovision_config": [],
                    "pod_ipv4_cidr_block": "10.76.0.0/14",
                    "pod_range": "gke-gke-cluster-pods-a6f2047d"
                  }
                ],
                "node_config": [
                  {
                    "advanced_machine_features": [],
                    "boot_disk_kms_key": "",
                    "confidential_nodes": [],
                    "disk_size_gb": 100,
                    "disk_type": "pd-balanced",
                    "effective_taints": [],
                    "ephemeral_storage_local_ssd_config": [],
                    "fast_socket": [],
                    "gcfs_config": [],
                    "guest_accelerator": [],
                    "gvnic": [],
                    "host_maintenance_policy": [],
                    "image_type": "COS_CONTAINERD",
                    "kubelet_config": [],
                    "labels": {},
                    "linux_node_config": [],
                    "local_nvme_ssd_block_config": [],
                    "local_ssd_count": 0,
                    "logging_variant": "DEFAULT",
                    "machine_type": "e2-medium",
                    "metadata": {
                      "disable-legacy-endpoints": "true"
                    },
                    "min_cpu_platform": "",
                    "node_group": "",
                    "oauth_scopes": [
                      "https://www.googleapis.com/auth/devstorage.read_only",
                      "https://www.googleapis.com/auth/logging.write",
                      "https://www.googleapis.com/auth/monitoring",
                      "https://www.googleapis.com/auth/service.management.readonly",
                      "https://www.googleapis.com/auth/servicecontrol",
                      "https://www.googleapis.com/auth/trace.append"
                    ],
                    "preemptible": false,
                    "reservation_affinity": [],
                    "resource_labels": {},
                    "service_account": "default",
                    "shielded_instance_config": [
                      {
                        "enable_integrity_monitoring": true,
                        "enable_secure_boot": false
                      }
                    ],
                    "sole_tenant_config": [],
                    "spot": false,
                    "tags": [],
                    "taint": [],
                    "workload_metadata_config": []
                  }
                ],
                "node_count": 1,
                "node_locations": [
                  "us-central1-a",
                  "us-central1-b",
                  "us-central1-c"
                ],
                "placement_policy": [],
                "upgrade_settings": [
                  {
                    "blue_green_settings": [],
                    "max_surge": 1,
                    "max_unavailable": 0,
                    "strategy": "SURGE"
                  }
                ],
                "version": "1.27.3-gke.100"
              },
              {
                "autoscaling": [],
                "initial_node_count": 1,
                "instance_group_urls": [
                  "https://www.googleapis.com/compute/v1/projects/gcp-kubernetes-project-402813/zones/us-central1-b/instanceGroupManagers/gke-gke-cluster-primary-node-ffd48087-grp",
                  "https://www.googleapis.com/compute/v1/projects/gcp-kubernetes-project-402813/zones/us-central1-c/instanceGroupManagers/gke-gke-cluster-primary-node-6d869d9e-grp",
                  "https://www.googleapis.com/compute/v1/projects/gcp-kubernetes-project-402813/zones/us-central1-a/instanceGroupManagers/gke-gke-cluster-primary-node-818001a8-grp"
                ],
                "managed_instance_group_urls": [
                  "https://www.googleapis.com/compute/v1/projects/gcp-kubernetes-project-402813/zones/us-central1-b/instanceGroups/gke-gke-cluster-primary-node-ffd48087-grp",
                  "https://www.googleapis.com/compute/v1/projects/gcp-kubernetes-project-402813/zones/us-central1-c/instanceGroups/gke-gke-cluster-primary-node-6d869d9e-grp",
                  "https://www.googleapis.com/compute/v1/projects/gcp-kubernetes-project-402813/zones/us-central1-a/instanceGroups/gke-gke-cluster-primary-node-818001a8-grp"
                ],
                "management": [
                  {
                    "auto_repair": true,
                    "auto_upgrade": true
                  }
                ],
                "max_pods_per_node": 110,
                "name": "primary-node",
                "name_prefix": "",
                "network_config": [
                  {
                    "create_pod_range": false,
                    "enable_private_nodes": false,
                    "pod_cidr_overprovision_config": [],
                    "pod_ipv4_cidr_block": "10.76.0.0/14",
                    "pod_range": "gke-gke-cluster-pods-a6f2047d"
                  }
                ],
                "node_config": [
                  {
                    "advanced_machine_features": [],
                    "boot_disk_kms_key": "",
                    "confidential_nodes": [],
                    "disk_size_gb": 10,
                    "disk_type": "pd-balanced",
                    "effective_taints": [],
                    "ephemeral_storage_local_ssd_config": [],
                    "fast_socket": [],
                    "gcfs_config": [],
                    "guest_accelerator": [],
                    "gvnic": [],
                    "host_maintenance_policy": [],
                    "image_type": "COS_CONTAINERD",
                    "kubelet_config": [],
                    "labels": {},
                    "linux_node_config": [],
                    "local_nvme_ssd_block_config": [],
                    "local_ssd_count": 0,
                    "logging_variant": "DEFAULT",
                    "machine_type": "e2-micro",
                    "metadata": {
                      "disable-legacy-endpoints": "true"
                    },
                    "min_cpu_platform": "",
                    "node_group": "",
                    "oauth_scopes": [
                      "https://www.googleapis.com/auth/cloud-platform"
                    ],
                    "preemptible": false,
                    "reservation_affinity": [],
                    "resource_labels": {},
                    "service_account": "service-gke@gcp-kubernetes-project-402813.iam.gserviceaccount.com",
                    "shielded_instance_config": [
                      {
                        "enable_integrity_monitoring": true,
                        "enable_secure_boot": false
                      }
                    ],
                    "sole_tenant_config": [],
                    "spot": false,
                    "tags": [],
                    "taint": [],
                    "workload_metadata_config": []
                  }
                ],
                "node_count": 1,
                "node_locations": [
                  "us-central1-a",
                  "us-central1-b",
                  "us-central1-c"
                ],
                "placement_policy": [],
                "upgrade_settings": [
                  {
                    "blue_green_settings": [],
                    "max_surge": 1,
                    "max_unavailable": 0,
                    "strategy": "SURGE"
                  }
                ],
                "version": "1.27.3-gke.100"
              }
            ],
            "node_pool_auto_config": [],
            "node_pool_defaults": [
              {
                "node_config_defaults": [
                  {
                    "logging_variant": "DEFAULT"
                  }
                ]
              }
            ],
            "node_version": "1.27.3-gke.100",
            "notification_config": [
              {
                "pubsub": [
                  {
                    "enabled": false,
                    "filter": [],
                    "topic": ""
                  }
                ]
              }
            ],
            "operation": null,
            "private_cluster_config": [
              {
                "enable_private_endpoint": false,
                "enable_private_nodes": true,
                "master_global_access_config": [
                  {
                    "enabled": false
                  }
                ],
                "master_ipv4_cidr_block": "172.16.0.0/28",
                "peering_name": "gke-nd4a7c279d73bbc99e3a-7d7e-2f3c-peer",
                "private_endpoint": "172.16.0.2",
                "private_endpoint_subnetwork": "",
                "public_endpoint": "35.193.163.178"
              }
            ],
            "private_ipv6_google_access": "",
            "project": "gcp-kubernetes-project-402813",
            "release_channel": [
              {
                "channel": "REGULAR"
              }
            ],
            "remove_default_node_pool": false,
            "resource_labels": {},
            "resource_usage_export_config": [],
            "security_posture_config": [
              {
                "mode": "BASIC",
                "vulnerability_mode": "VULNERABILITY_MODE_UNSPECIFIED"
              }
            ],
            "self_link": "https://container.googleapis.com/v1/projects/gcp-kubernetes-project-402813/locations/us-central1/clusters/gke-cluster",
            "service_external_ips_config": [
              {
                "enabled": false
              }
            ],
            "services_ipv4_cidr": "10.80.0.0/20",
            "subnetwork": "projects/gcp-kubernetes-project-402813/regions/us-central1/subnetworks/public-subnet",
            "timeouts": null,
            "tpu_ipv4_cidr_block": "",
            "vertical_pod_autoscaling": [],
            "workload_identity_config": []
          },
          "sensitive_attributes": [],
          "private": "eyJlMmJmYjczMC1lY2FhLTExZTYtOGY4OC0zNDM2M2JjN2M0YzAiOnsiY3JlYXRlIjoyNDAwMDAwMDAwMDAwLCJkZWxldGUiOjI0MDAwMDAwMDAwMDAsInJlYWQiOjI0MDAwMDAwMDAwMDAsInVwZGF0ZSI6MzYwMDAwMDAwMDAwMH0sInNjaGVtYV92ZXJzaW9uIjoiMiJ9",
          "dependencies": [
            "module.Network.google_compute_network.vpc-network",
            "module.Network.google_compute_subnetwork.public-subnet",
            "module.Network.google_project_service.compute"
          ]
        }
      ]
    },
    {
      "module": "module.Compute",
      "mode": "managed",
      "type": "google_container_node_pool",
      "name": "primary-node",
      "provider": "provider[\"registry.terraform.io/hashicorp/google\"]",
      "instances": [
        {
          "schema_version": 1,
          "attributes": {
            "autoscaling": [],
            "cluster": "gke-cluster",
            "id": "projects/gcp-kubernetes-project-402813/locations/us-central1/clusters/gke-cluster/nodePools/primary-node",
            "initial_node_count": 1,
            "instance_group_urls": [
              "https://www.googleapis.com/compute/v1/projects/gcp-kubernetes-project-402813/zones/us-central1-b/instanceGroupManagers/gke-gke-cluster-primary-node-ffd48087-grp",
              "https://www.googleapis.com/compute/v1/projects/gcp-kubernetes-project-402813/zones/us-central1-c/instanceGroupManagers/gke-gke-cluster-primary-node-6d869d9e-grp",
              "https://www.googleapis.com/compute/v1/projects/gcp-kubernetes-project-402813/zones/us-central1-a/instanceGroupManagers/gke-gke-cluster-primary-node-818001a8-grp"
            ],
            "location": "us-central1",
            "managed_instance_group_urls": [
              "https://www.googleapis.com/compute/v1/projects/gcp-kubernetes-project-402813/zones/us-central1-b/instanceGroups/gke-gke-cluster-primary-node-ffd48087-grp",
              "https://www.googleapis.com/compute/v1/projects/gcp-kubernetes-project-402813/zones/us-central1-c/instanceGroups/gke-gke-cluster-primary-node-6d869d9e-grp",
              "https://www.googleapis.com/compute/v1/projects/gcp-kubernetes-project-402813/zones/us-central1-a/instanceGroups/gke-gke-cluster-primary-node-818001a8-grp"
            ],
            "management": [
              {
                "auto_repair": true,
                "auto_upgrade": true
              }
            ],
            "max_pods_per_node": 110,
            "name": "primary-node",
            "name_prefix": "",
            "network_config": [
              {
                "create_pod_range": false,
                "enable_private_nodes": false,
                "pod_cidr_overprovision_config": [],
                "pod_ipv4_cidr_block": "10.76.0.0/14",
                "pod_range": "gke-gke-cluster-pods-a6f2047d"
              }
            ],
            "node_config": [
              {
                "advanced_machine_features": [],
                "boot_disk_kms_key": "",
                "confidential_nodes": [],
                "disk_size_gb": 10,
                "disk_type": "pd-balanced",
                "effective_taints": [],
                "ephemeral_storage_local_ssd_config": [],
                "fast_socket": [],
                "gcfs_config": [],
                "guest_accelerator": [],
                "gvnic": [],
                "host_maintenance_policy": [],
                "image_type": "COS_CONTAINERD",
                "kubelet_config": [],
                "labels": {},
                "linux_node_config": [],
                "local_nvme_ssd_block_config": [],
                "local_ssd_count": 0,
                "logging_variant": "DEFAULT",
                "machine_type": "e2-micro",
                "metadata": {
                  "disable-legacy-endpoints": "true"
                },
                "min_cpu_platform": "",
                "node_group": "",
                "oauth_scopes": [
                  "https://www.googleapis.com/auth/cloud-platform"
                ],
                "preemptible": false,
                "reservation_affinity": [],
                "resource_labels": {},
                "service_account": "service-gke@gcp-kubernetes-project-402813.iam.gserviceaccount.com",
                "shielded_instance_config": [
                  {
                    "enable_integrity_monitoring": true,
                    "enable_secure_boot": false
                  }
                ],
                "sole_tenant_config": [],
                "spot": false,
                "tags": [],
                "taint": [],
                "workload_metadata_config": []
              }
            ],
            "node_count": 1,
            "node_locations": [
              "us-central1-a",
              "us-central1-b",
              "us-central1-c"
            ],
            "operation": null,
            "placement_policy": [],
            "project": "gcp-kubernetes-project-402813",
            "timeouts": null,
            "upgrade_settings": [
              {
                "blue_green_settings": [],
                "max_surge": 1,
                "max_unavailable": 0,
                "strategy": "SURGE"
              }
            ],
            "version": "1.27.3-gke.100"
          },
          "sensitive_attributes": [],
          "private": "eyJlMmJmYjczMC1lY2FhLTExZTYtOGY4OC0zNDM2M2JjN2M0YzAiOnsiY3JlYXRlIjoxODAwMDAwMDAwMDAwLCJkZWxldGUiOjE4MDAwMDAwMDAwMDAsInVwZGF0ZSI6MTgwMDAwMDAwMDAwMH0sInNjaGVtYV92ZXJzaW9uIjoiMSJ9",
          "dependencies": [
            "module.IAM.google_service_account.gke_cluster_service_account"
          ]
        }
      ]
    },
    {
      "module": "module.IAM",
      "mode": "managed",
      "type": "google_project_iam_member",
      "name": "admin-role",
      "provider": "provider[\"registry.terraform.io/hashicorp/google\"]",
      "instances": [
        {
          "schema_version": 0,
          "attributes": {
            "condition": [],
            "etag": "BwYIZCg4oug=",
            "id": "gcp-kubernetes-project-402813/roles/container.clusterAdmin/serviceAccount:gcp-kubernetes-project-402813@gcp-kubernetes-project-402813.iam.gserviceaccount.com",
            "member": "serviceAccount:gcp-kubernetes-project-402813@gcp-kubernetes-project-402813.iam.gserviceaccount.com",
            "project": "gcp-kubernetes-project-402813",
            "role": "roles/container.clusterAdmin"
          },
          "sensitive_attributes": [],
          "private": "bnVsbA==",
          "dependencies": [
            "module.IAM.google_service_account.private-serviceaccount"
          ]
        }
      ]
    },
    {
      "module": "module.IAM",
      "mode": "managed",
      "type": "google_project_iam_member",
      "name": "artifact-role",
      "provider": "provider[\"registry.terraform.io/hashicorp/google\"]",
      "instances": [
        {
          "schema_version": 0,
          "attributes": {
            "condition": [],
            "etag": "BwYIZCg4oug=",
            "id": "gcp-kubernetes-project-402813/roles/artifactregistry.repoAdmin/serviceAccount:gcp-kubernetes-project-402813@gcp-kubernetes-project-402813.iam.gserviceaccount.com",
            "member": "serviceAccount:gcp-kubernetes-project-402813@gcp-kubernetes-project-402813.iam.gserviceaccount.com",
            "project": "gcp-kubernetes-project-402813",
            "role": "roles/artifactregistry.repoAdmin"
          },
          "sensitive_attributes": [],
          "private": "bnVsbA==",
          "dependencies": [
            "module.IAM.google_service_account.private-serviceaccount"
          ]
        }
      ]
    },
    {
      "module": "module.IAM",
      "mode": "managed",
      "type": "google_project_iam_member",
      "name": "gke-logWriter",
      "provider": "provider[\"registry.terraform.io/hashicorp/google\"]",
      "instances": [
        {
          "schema_version": 0,
          "attributes": {
            "condition": [],
            "etag": "BwYIZCg4oug=",
            "id": "gcp-kubernetes-project-402813/roles/logging.logWriter/serviceAccount:service-gke@gcp-kubernetes-project-402813.iam.gserviceaccount.com",
            "member": "serviceAccount:service-gke@gcp-kubernetes-project-402813.iam.gserviceaccount.com",
            "project": "gcp-kubernetes-project-402813",
            "role": "roles/logging.logWriter"
          },
          "sensitive_attributes": [],
          "private": "bnVsbA==",
          "dependencies": [
            "module.IAM.google_service_account.gke_cluster_service_account"
          ]
        }
      ]
    },
    {
      "module": "module.IAM",
      "mode": "managed",
      "type": "google_project_iam_member",
      "name": "gke-role",
      "provider": "provider[\"registry.terraform.io/hashicorp/google\"]",
      "instances": [
        {
          "schema_version": 0,
          "attributes": {
            "condition": [],
            "etag": "BwYIZCg4oug=",
            "id": "gcp-kubernetes-project-402813/roles/container.clusterViewer/serviceAccount:gcp-kubernetes-project-402813@gcp-kubernetes-project-402813.iam.gserviceaccount.com",
            "member": "serviceAccount:gcp-kubernetes-project-402813@gcp-kubernetes-project-402813.iam.gserviceaccount.com",
            "project": "gcp-kubernetes-project-402813",
            "role": "roles/container.clusterViewer"
          },
          "sensitive_attributes": [],
          "private": "bnVsbA==",
          "dependencies": [
            "module.IAM.google_service_account.private-serviceaccount"
          ]
        }
      ]
    },
    {
      "module": "module.IAM",
      "mode": "managed",
      "type": "google_project_iam_member",
      "name": "gke-role-Metadata",
      "provider": "provider[\"registry.terraform.io/hashicorp/google\"]",
      "instances": [
        {
          "schema_version": 0,
          "attributes": {
            "condition": [],
            "etag": "BwYIZCg4oug=",
            "id": "gcp-kubernetes-project-402813/roles/stackdriver.resourceMetadata.writer/serviceAccount:service-gke@gcp-kubernetes-project-402813.iam.gserviceaccount.com",
            "member": "serviceAccount:service-gke@gcp-kubernetes-project-402813.iam.gserviceaccount.com",
            "project": "gcp-kubernetes-project-402813",
            "role": "roles/stackdriver.resourceMetadata.writer"
          },
          "sensitive_attributes": [],
          "private": "bnVsbA==",
          "dependencies": [
            "module.IAM.google_service_account.gke_cluster_service_account"
          ]
        }
      ]
    },
    {
      "module": "module.IAM",
      "mode": "managed",
      "type": "google_project_iam_member",
      "name": "gke-role-metricsWriter",
      "provider": "provider[\"registry.terraform.io/hashicorp/google\"]",
      "instances": [
        {
          "schema_version": 0,
          "attributes": {
            "condition": [],
            "etag": "BwYIZCg4oug=",
            "id": "gcp-kubernetes-project-402813/roles/autoscaling.metricsWriter/serviceAccount:service-gke@gcp-kubernetes-project-402813.iam.gserviceaccount.com",
            "member": "serviceAccount:service-gke@gcp-kubernetes-project-402813.iam.gserviceaccount.com",
            "project": "gcp-kubernetes-project-402813",
            "role": "roles/autoscaling.metricsWriter"
          },
          "sensitive_attributes": [],
          "private": "bnVsbA==",
          "dependencies": [
            "module.IAM.google_service_account.gke_cluster_service_account"
          ]
        }
      ]
    },
    {
      "module": "module.IAM",
      "mode": "managed",
      "type": "google_project_iam_member",
      "name": "gke-role-reader",
      "provider": "provider[\"registry.terraform.io/hashicorp/google\"]",
      "instances": [
        {
          "schema_version": 0,
          "attributes": {
            "condition": [],
            "etag": "BwYIZCg4oug=",
            "id": "gcp-kubernetes-project-402813/roles/artifactregistry.reader/serviceAccount:service-gke@gcp-kubernetes-project-402813.iam.gserviceaccount.com",
            "member": "serviceAccount:service-gke@gcp-kubernetes-project-402813.iam.gserviceaccount.com",
            "project": "gcp-kubernetes-project-402813",
            "role": "roles/artifactregistry.reader"
          },
          "sensitive_attributes": [],
          "private": "bnVsbA==",
          "dependencies": [
            "module.IAM.google_service_account.gke_cluster_service_account"
          ]
        }
      ]
    },
    {
      "module": "module.IAM",
      "mode": "managed",
      "type": "google_project_iam_member",
      "name": "gke-role-viewer",
      "provider": "provider[\"registry.terraform.io/hashicorp/google\"]",
      "instances": [
        {
          "schema_version": 0,
          "attributes": {
            "condition": [],
            "etag": "BwYIZCg4oug=",
            "id": "gcp-kubernetes-project-402813/roles/monitoring.viewer/serviceAccount:service-gke@gcp-kubernetes-project-402813.iam.gserviceaccount.com",
            "member": "serviceAccount:service-gke@gcp-kubernetes-project-402813.iam.gserviceaccount.com",
            "project": "gcp-kubernetes-project-402813",
            "role": "roles/monitoring.viewer"
          },
          "sensitive_attributes": [],
          "private": "bnVsbA==",
          "dependencies": [
            "module.IAM.google_service_account.gke_cluster_service_account"
          ]
        }
      ]
    },
    {
      "module": "module.IAM",
      "mode": "managed",
      "type": "google_project_iam_member",
      "name": "service_account_with-gke-metricWriter",
      "provider": "provider[\"registry.terraform.io/hashicorp/google\"]",
      "instances": [
        {
          "schema_version": 0,
          "attributes": {
            "condition": [],
            "etag": "BwYIZCg4oug=",
            "id": "gcp-kubernetes-project-402813/roles/monitoring.metricWriter/serviceAccount:service-gke@gcp-kubernetes-project-402813.iam.gserviceaccount.com",
            "member": "serviceAccount:service-gke@gcp-kubernetes-project-402813.iam.gserviceaccount.com",
            "project": "gcp-kubernetes-project-402813",
            "role": "roles/monitoring.metricWriter"
          },
          "sensitive_attributes": [],
          "private": "bnVsbA==",
          "dependencies": [
            "module.IAM.google_service_account.gke_cluster_service_account"
          ]
        }
      ]
    },
    {
      "module": "module.IAM",
      "mode": "managed",
      "type": "google_project_iam_member",
      "name": "vm-containerAdmin",
      "provider": "provider[\"registry.terraform.io/hashicorp/google\"]",
      "instances": [
        {
          "schema_version": 0,
          "attributes": {
            "condition": [],
            "etag": "BwYIZCg4oug=",
            "id": "gcp-kubernetes-project-402813/roles/container.admin/serviceAccount:gcp-kubernetes-project-402813@gcp-kubernetes-project-402813.iam.gserviceaccount.com",
            "member": "serviceAccount:gcp-kubernetes-project-402813@gcp-kubernetes-project-402813.iam.gserviceaccount.com",
            "project": "gcp-kubernetes-project-402813",
            "role": "roles/container.admin"
          },
          "sensitive_attributes": [],
          "private": "bnVsbA==",
          "dependencies": [
            "module.IAM.google_service_account.private-serviceaccount"
          ]
        }
      ]
    },
    {
      "module": "module.IAM",
      "mode": "managed",
      "type": "google_service_account",
      "name": "gke_cluster_service_account",
      "provider": "provider[\"registry.terraform.io/hashicorp/google\"]",
      "instances": [
        {
          "schema_version": 0,
          "attributes": {
            "account_id": "service-gke",
            "description": "",
            "disabled": false,
            "display_name": "",
            "email": "service-gke@gcp-kubernetes-project-402813.iam.gserviceaccount.com",
            "id": "projects/gcp-kubernetes-project-402813/serviceAccounts/service-gke@gcp-kubernetes-project-402813.iam.gserviceaccount.com",
            "member": "serviceAccount:service-gke@gcp-kubernetes-project-402813.iam.gserviceaccount.com",
            "name": "projects/gcp-kubernetes-project-402813/serviceAccounts/service-gke@gcp-kubernetes-project-402813.iam.gserviceaccount.com",
            "project": "gcp-kubernetes-project-402813",
            "timeouts": null,
            "unique_id": "101327452881632951758"
          },
          "sensitive_attributes": [],
          "private": "eyJlMmJmYjczMC1lY2FhLTExZTYtOGY4OC0zNDM2M2JjN2M0YzAiOnsiY3JlYXRlIjozMDAwMDAwMDAwMDB9fQ=="
        }
      ]
    },
    {
      "module": "module.IAM",
      "mode": "managed",
      "type": "google_service_account",
      "name": "private-serviceaccount",
      "provider": "provider[\"registry.terraform.io/hashicorp/google\"]",
      "instances": [
        {
          "schema_version": 0,
          "attributes": {
            "account_id": "gcp-kubernetes-project-402813",
            "description": "",
            "disabled": false,
            "display_name": "",
            "email": "gcp-kubernetes-project-402813@gcp-kubernetes-project-402813.iam.gserviceaccount.com",
            "id": "projects/gcp-kubernetes-project-402813/serviceAccounts/gcp-kubernetes-project-402813@gcp-kubernetes-project-402813.iam.gserviceaccount.com",
            "member": "serviceAccount:gcp-kubernetes-project-402813@gcp-kubernetes-project-402813.iam.gserviceaccount.com",
            "name": "projects/gcp-kubernetes-project-402813/serviceAccounts/gcp-kubernetes-project-402813@gcp-kubernetes-project-402813.iam.gserviceaccount.com",
            "project": "gcp-kubernetes-project-402813",
            "timeouts": null,
            "unique_id": "109551440171452698725"
          },
          "sensitive_attributes": [],
          "private": "eyJlMmJmYjczMC1lY2FhLTExZTYtOGY4OC0zNDM2M2JjN2M0YzAiOnsiY3JlYXRlIjozMDAwMDAwMDAwMDB9fQ=="
        }
      ]
    },
    {
      "module": "module.Network",
      "mode": "managed",
      "type": "google_compute_firewall",
      "name": "allow-ssh",
      "provider": "provider[\"registry.terraform.io/hashicorp/google\"]",
      "instances": [
        {
          "schema_version": 1,
          "attributes": {
            "allow": [
              {
                "ports": [
                  "22"
                ],
                "protocol": "tcp"
              }
            ],
            "creation_timestamp": "2023-10-23T09:07:42.686-07:00",
            "deny": [],
            "description": "",
            "destination_ranges": [],
            "direction": "INGRESS",
            "disabled": false,
            "enable_logging": null,
            "id": "projects/gcp-kubernetes-project-402813/global/firewalls/allow-ssh",
            "log_config": [],
            "name": "allow-ssh",
            "network": "https://www.googleapis.com/compute/v1/projects/gcp-kubernetes-project-402813/global/networks/vpc-network",
            "priority": 1000,
            "project": "gcp-kubernetes-project-402813",
            "self_link": "https://www.googleapis.com/compute/v1/projects/gcp-kubernetes-project-402813/global/firewalls/allow-ssh",
            "source_ranges": [
              "35.235.240.0/20"
            ],
            "source_service_accounts": [],
            "source_tags": [],
            "target_service_accounts": [],
            "target_tags": [],
            "timeouts": null
          },
          "sensitive_attributes": [],
          "private": "eyJlMmJmYjczMC1lY2FhLTExZTYtOGY4OC0zNDM2M2JjN2M0YzAiOnsiY3JlYXRlIjoxMjAwMDAwMDAwMDAwLCJkZWxldGUiOjEyMDAwMDAwMDAwMDAsInVwZGF0ZSI6MTIwMDAwMDAwMDAwMH0sInNjaGVtYV92ZXJzaW9uIjoiMSJ9"
        }
      ]
    },
    {
      "module": "module.Network",
      "mode": "managed",
      "type": "google_compute_network",
      "name": "vpc-network",
      "provider": "provider[\"registry.terraform.io/hashicorp/google\"]",
      "instances": [
        {
          "schema_version": 0,
          "attributes": {
            "auto_create_subnetworks": false,
            "delete_default_routes_on_create": false,
            "description": "",
            "enable_ula_internal_ipv6": false,
            "gateway_ipv4": "",
            "id": "projects/gcp-kubernetes-project-402813/global/networks/vpc-network",
            "internal_ipv6_range": "",
            "mtu": 0,
            "name": "vpc-network",
            "network_firewall_policy_enforcement_order": "AFTER_CLASSIC_FIREWALL",
            "project": "gcp-kubernetes-project-402813",
            "routing_mode": "GLOBAL",
            "self_link": "https://www.googleapis.com/compute/v1/projects/gcp-kubernetes-project-402813/global/networks/vpc-network",
            "timeouts": null
          },
          "sensitive_attributes": [],
          "private": "eyJlMmJmYjczMC1lY2FhLTExZTYtOGY4OC0zNDM2M2JjN2M0YzAiOnsiY3JlYXRlIjoxMjAwMDAwMDAwMDAwLCJkZWxldGUiOjEyMDAwMDAwMDAwMDAsInVwZGF0ZSI6MTIwMDAwMDAwMDAwMH19",
          "dependencies": [
            "module.Network.google_project_service.compute"
          ]
        }
      ]
    },
    {
      "module": "module.Network",
      "mode": "managed",
      "type": "google_compute_router",
      "name": "router",
      "provider": "provider[\"registry.terraform.io/hashicorp/google\"]",
      "instances": [
        {
          "schema_version": 0,
          "attributes": {
            "bgp": [],
            "creation_timestamp": "2023-10-23T09:07:44.384-07:00",
            "description": "",
            "encrypted_interconnect_router": false,
            "id": "projects/gcp-kubernetes-project-402813/regions/us-east1/routers/router",
            "name": "router",
            "network": "https://www.googleapis.com/compute/v1/projects/gcp-kubernetes-project-402813/global/networks/vpc-network",
            "project": "gcp-kubernetes-project-402813",
            "region": "us-east1",
            "self_link": "https://www.googleapis.com/compute/v1/projects/gcp-kubernetes-project-402813/regions/us-east1/routers/router",
            "timeouts": null
          },
          "sensitive_attributes": [],
          "private": "eyJlMmJmYjczMC1lY2FhLTExZTYtOGY4OC0zNDM2M2JjN2M0YzAiOnsiY3JlYXRlIjoxMjAwMDAwMDAwMDAwLCJkZWxldGUiOjEyMDAwMDAwMDAwMDAsInVwZGF0ZSI6MTIwMDAwMDAwMDAwMH19"
        }
      ]
    },
    {
      "module": "module.Network",
      "mode": "managed",
      "type": "google_compute_router_nat",
      "name": "nat",
      "provider": "provider[\"registry.terraform.io/hashicorp/google\"]",
      "instances": [
        {
          "schema_version": 0,
          "attributes": {
            "drain_nat_ips": [],
            "enable_dynamic_port_allocation": false,
            "enable_endpoint_independent_mapping": false,
            "icmp_idle_timeout_sec": 30,
            "id": "gcp-kubernetes-project-402813/us-east1/router/nat",
            "log_config": [],
            "max_ports_per_vm": 0,
            "min_ports_per_vm": 0,
            "name": "nat",
            "nat_ip_allocate_option": "AUTO_ONLY",
            "nat_ips": [],
            "project": "gcp-kubernetes-project-402813",
            "region": "us-east1",
            "router": "router",
            "rules": [],
            "source_subnetwork_ip_ranges_to_nat": "LIST_OF_SUBNETWORKS",
            "subnetwork": [
              {
                "name": "https://www.googleapis.com/compute/v1/projects/gcp-kubernetes-project-402813/regions/us-east1/subnetworks/private-subnet-name",
                "secondary_ip_range_names": [],
                "source_ip_ranges_to_nat": [
                  "ALL_IP_RANGES"
                ]
              }
            ],
            "tcp_established_idle_timeout_sec": 1200,
            "tcp_time_wait_timeout_sec": 120,
            "tcp_transitory_idle_timeout_sec": 30,
            "timeouts": null,
            "udp_idle_timeout_sec": 30
          },
          "sensitive_attributes": [],
          "private": "eyJlMmJmYjczMC1lY2FhLTExZTYtOGY4OC0zNDM2M2JjN2M0YzAiOnsiY3JlYXRlIjoxMjAwMDAwMDAwMDAwLCJkZWxldGUiOjEyMDAwMDAwMDAwMDAsInVwZGF0ZSI6MTIwMDAwMDAwMDAwMH19"
        }
      ]
    },
    {
      "module": "module.Network",
      "mode": "managed",
      "type": "google_compute_subnetwork",
      "name": "private-subnet",
      "provider": "provider[\"registry.terraform.io/hashicorp/google\"]",
      "instances": [
        {
          "schema_version": 0,
          "attributes": {
            "creation_timestamp": "2023-10-23T09:07:43.402-07:00",
            "description": "",
            "external_ipv6_prefix": "",
            "fingerprint": null,
            "gateway_address": "10.2.0.1",
            "id": "projects/gcp-kubernetes-project-402813/regions/us-east1/subnetworks/private-subnet-name",
            "internal_ipv6_prefix": "",
            "ip_cidr_range": "10.2.0.0/16",
            "ipv6_access_type": "",
            "ipv6_cidr_range": "",
            "log_config": [],
            "name": "private-subnet-name",
            "network": "https://www.googleapis.com/compute/v1/projects/gcp-kubernetes-project-402813/global/networks/vpc-network",
            "private_ip_google_access": false,
            "private_ipv6_google_access": "DISABLE_GOOGLE_ACCESS",
            "project": "gcp-kubernetes-project-402813",
            "purpose": "PRIVATE",
            "region": "us-east1",
            "role": "",
            "secondary_ip_range": [],
            "self_link": "https://www.googleapis.com/compute/v1/projects/gcp-kubernetes-project-402813/regions/us-east1/subnetworks/private-subnet-name",
            "stack_type": "IPV4_ONLY",
            "timeouts": null
          },
          "sensitive_attributes": [],
          "private": "eyJlMmJmYjczMC1lY2FhLTExZTYtOGY4OC0zNDM2M2JjN2M0YzAiOnsiY3JlYXRlIjoxMjAwMDAwMDAwMDAwLCJkZWxldGUiOjEyMDAwMDAwMDAwMDAsInVwZGF0ZSI6MTIwMDAwMDAwMDAwMH19"
        }
      ]
    },
    {
      "module": "module.Network",
      "mode": "managed",
      "type": "google_compute_subnetwork",
      "name": "public-subnet",
      "provider": "provider[\"registry.terraform.io/hashicorp/google\"]",
      "instances": [
        {
          "schema_version": 0,
          "attributes": {
            "creation_timestamp": "2023-10-23T09:07:43.785-07:00",
            "description": "",
            "external_ipv6_prefix": "",
            "fingerprint": null,
            "gateway_address": "10.1.0.1",
            "id": "projects/gcp-kubernetes-project-402813/regions/us-central1/subnetworks/public-subnet",
            "internal_ipv6_prefix": "",
            "ip_cidr_range": "10.1.0.0/16",
            "ipv6_access_type": "",
            "ipv6_cidr_range": "",
            "log_config": [],
            "name": "public-subnet",
            "network": "https://www.googleapis.com/compute/v1/projects/gcp-kubernetes-project-402813/global/networks/vpc-network",
            "private_ip_google_access": true,
            "private_ipv6_google_access": "DISABLE_GOOGLE_ACCESS",
            "project": "gcp-kubernetes-project-402813",
            "purpose": "PRIVATE",
            "region": "us-central1",
            "role": "",
            "secondary_ip_range": [
              {
                "ip_cidr_range": "10.76.0.0/14",
                "range_name": "gke-gke-cluster-pods-a6f2047d"
              },
              {
                "ip_cidr_range": "10.80.0.0/20",
                "range_name": "gke-gke-cluster-services-a6f2047d"
              }
            ],
            "self_link": "https://www.googleapis.com/compute/v1/projects/gcp-kubernetes-project-402813/regions/us-central1/subnetworks/public-subnet",
            "stack_type": "IPV4_ONLY",
            "timeouts": null
          },
          "sensitive_attributes": [],
          "private": "eyJlMmJmYjczMC1lY2FhLTExZTYtOGY4OC0zNDM2M2JjN2M0YzAiOnsiY3JlYXRlIjoxMjAwMDAwMDAwMDAwLCJkZWxldGUiOjEyMDAwMDAwMDAwMDAsInVwZGF0ZSI6MTIwMDAwMDAwMDAwMH19"
        }
      ]
    },
    {
      "module": "module.Network",
      "mode": "managed",
      "type": "google_project_service",
      "name": "compute",
      "provider": "provider[\"registry.terraform.io/hashicorp/google\"]",
      "instances": [
        {
          "schema_version": 0,
          "attributes": {
            "disable_dependent_services": true,
            "disable_on_destroy": true,
            "id": "gcp-kubernetes-project-402813/compute.googleapis.com",
            "project": "gcp-kubernetes-project-402813",
            "service": "compute.googleapis.com",
            "timeouts": null
          },
          "sensitive_attributes": [],
          "private": "eyJlMmJmYjczMC1lY2FhLTExZTYtOGY4OC0zNDM2M2JjN2M0YzAiOnsiY3JlYXRlIjoxMjAwMDAwMDAwMDAwLCJkZWxldGUiOjEyMDAwMDAwMDAwMDAsInJlYWQiOjYwMDAwMDAwMDAwMCwidXBkYXRlIjoxMjAwMDAwMDAwMDAwfX0="
        }
      ]
    },
    {
      "module": "module.Storage",
      "mode": "managed",
      "type": "google_artifact_registry_repository",
      "name": "my-repo",
      "provider": "provider[\"registry.terraform.io/hashicorp/google\"]",
      "instances": [
        {
          "schema_version": 0,
          "attributes": {
            "create_time": "2023-10-23T15:48:34.113948Z",
            "description": "registery description",
            "docker_config": [],
            "effective_labels": {},
            "format": "DOCKER",
            "id": "projects/gcp-kubernetes-project-402813/locations/us-central1/repositories/my-repository",
            "kms_key_name": "",
            "labels": {},
            "location": "us-central1",
            "maven_config": [],
            "mode": "STANDARD_REPOSITORY",
            "name": "my-repository",
            "project": "gcp-kubernetes-project-402813",
            "remote_repository_config": [],
            "repository_id": "my-repository",
            "terraform_labels": {},
            "timeouts": null,
            "update_time": "2023-10-23T15:48:34.113948Z",
            "virtual_repository_config": []
          },
          "sensitive_attributes": [],
          "private": "eyJlMmJmYjczMC1lY2FhLTExZTYtOGY4OC0zNDM2M2JjN2M0YzAiOnsiY3JlYXRlIjoxMjAwMDAwMDAwMDAwLCJkZWxldGUiOjEyMDAwMDAwMDAwMDAsInVwZGF0ZSI6MTIwMDAwMDAwMDAwMH19"
        }
      ]
    }
  ],
  "check_results": null
}
